<?xml version="1.0" encoding="utf-8"?>
<Project ToolsVersion="4.0" xmlns="http://schemas.microsoft.com/developer/msbuild/2003">
  <ItemGroup>
    <Filter Include="源文件">
      <UniqueIdentifier>{4FC737F1-C7A5-4376-A066-2A32D752A2FF}</UniqueIdentifier>
      <Extensions>cpp;c;cc;cxx;c++;cppm;ixx;def;odl;idl;hpj;bat;asm;asmx</Extensions>
    </Filter>
    <Filter Include="头文件">
      <UniqueIdentifier>{93995380-89BD-4b04-88EB-625FBE52EBFB}</UniqueIdentifier>
      <Extensions>h;hh;hpp;hxx;h++;hm;inl;inc;ipp;xsd</Extensions>
    </Filter>
    <Filter Include="资源文件">
      <UniqueIdentifier>{67DA6AB6-F800-4c08-8B7A-83BB121AAD01}</UniqueIdentifier>
      <Extensions>rc;ico;cur;bmp;dlg;rc2;rct;bin;rgs;gif;jpg;jpeg;jpe;resx;tiff;tif;png;wav;mfcribbon-ms</Extensions>
    </Filter>
  </ItemGroup>
  <ItemGroup>
    <ClCompile Include="Editor\main.cpp">
      <Filter>源文件</Filter>
    </ClCompile>
    <ClCompile Include="Editor\EditorInputer.cpp">
      <Filter>源文件</Filter>
    </ClCompile>
    <ClCompile Include="Editor\EditorEngineIniter.cpp">
      <Filter>源文件</Filter>
    </ClCompile>
    <ClCompile Include="Editor\Scene\MyMainScene.cpp">
      <Filter>源文件</Filter>
    </ClCompile>
    <ClCompile Include="Editor\MyController.cpp">
      <Filter>源文件</Filter>
    </ClCompile>
    <ClCompile Include="Editor\MyGUI\Window\EditorOverviewWindow.cpp">
      <Filter>源文件</Filter>
    </ClCompile>
    <ClCompile Include="Editor\MyGUI\EditorContext.cpp">
      <Filter>源文件</Filter>
    </ClCompile>
    <ClCompile Include="Editor\MyGUI\Window\EditorLogWindow.cpp">
      <Filter>源文件</Filter>
    </ClCompile>
    <ClCompile Include="Editor\MyGUI\Window\EditorObjectInfoWindow.cpp">
      <Filter>源文件</Filter>
    </ClCompile>
    <ClCompile Include="Editor\MyGUI\Window\EditorSceneWindow.cpp">
      <Filter>源文件</Filter>
    </ClCompile>
    <ClCompile Include="Editor\MyGUI\Window\EditorInfoWindow.cpp">
      <Filter>源文件</Filter>
    </ClCompile>
    <ClCompile Include="Editor\MyGUI\Window\EditorMainWindow.cpp">
      <Filter>源文件</Filter>
    </ClCompile>
    <ClCompile Include="Editor\EditorEvent.cpp">
      <Filter>源文件</Filter>
    </ClCompile>
    <ClCompile Include="Editor\Scene\MySecondScene.cpp">
      <Filter>源文件</Filter>
    </ClCompile>
    <ClCompile Include="Editor\MyGUI\Window\EditorGCInfoWindow.cpp">
      <Filter>源文件</Filter>
    </ClCompile>
    <ClCompile Include="Editor\Scene\Tutorial_Triangle.cpp">
      <Filter>源文件</Filter>
    </ClCompile>
    <ClCompile Include="Editor\MyGUI\Window\EditorTextureViewerWindow.cpp">
      <Filter>源文件</Filter>
    </ClCompile>
    <ClCompile Include="Editor\MyGUI\Window\EditorResourceWindow.cpp">
      <Filter>源文件</Filter>
    </ClCompile>
    <ClCompile Include="Editor\MyGUI\Window\EditorShaderEditorWindow.cpp">
      <Filter>源文件</Filter>
    </ClCompile>
    <ClCompile Include="Editor\MyGUI\Window\EditorLightingWindow.cpp">
      <Filter>源文件</Filter>
    </ClCompile>
    <ClCompile Include="Editor\GUI\GUI.cpp">
      <Filter>源文件</Filter>
    </ClCompile>
    <ClCompile Include="Editor\GUI\GUIWidget.cpp">
      <Filter>源文件</Filter>
    </ClCompile>
    <ClCompile Include="Editor\WindowsEngine.cpp">
      <Filter>源文件</Filter>
    </ClCompile>
    <ClCompile Include="Editor\ThirdParty\imgui\TextEditor\TextEditor.cpp">
      <Filter>源文件</Filter>
    </ClCompile>
    <ClCompile Include="Editor\ThirdParty\imgui\imgui.cpp">
      <Filter>源文件</Filter>
    </ClCompile>
    <ClCompile Include="Editor\ThirdParty\imgui\imgui_draw.cpp">
      <Filter>源文件</Filter>
    </ClCompile>
    <ClCompile Include="Editor\ThirdParty\imgui\imgui_impl_glfw.cpp">
      <Filter>源文件</Filter>
    </ClCompile>
    <ClCompile Include="Editor\ThirdParty\imgui\imgui_impl_opengl3.cpp">
      <Filter>源文件</Filter>
    </ClCompile>
    <ClCompile Include="Editor\ThirdParty\imgui\imgui_tables.cpp">
      <Filter>源文件</Filter>
    </ClCompile>
    <ClCompile Include="Editor\ThirdParty\imgui\imgui_widgets.cpp">
      <Filter>源文件</Filter>
    </ClCompile>
    <ClCompile Include="Editor\MyGUI\Window\EditorFrameBufferViewerWindow.cpp">
      <Filter>源文件</Filter>
    </ClCompile>
    <ClCompile Include="Editor\Scene\Tutorial_Texture2D.cpp">
      <Filter>源文件</Filter>
    </ClCompile>
    <ClCompile Include="Editor\Scene\Tutorial_Cube.cpp">
      <Filter>源文件</Filter>
    </ClCompile>
    <ClCompile Include="Editor\Scene\Tutorial_Camera.cpp">
      <Filter>源文件</Filter>
    </ClCompile>
    <ClCompile Include="Editor\Scene\Tutorial_FrameBuffer.cpp">
      <Filter>源文件</Filter>
    </ClCompile>
    <ClCompile Include="Editor\ThirdParty\imguizmo\GraphEditor.cpp">
      <Filter>源文件</Filter>
    </ClCompile>
    <ClCompile Include="Editor\ThirdParty\imguizmo\ImCurveEdit.cpp">
      <Filter>源文件</Filter>
    </ClCompile>
    <ClCompile Include="Editor\ThirdParty\imguizmo\ImGradient.cpp">
      <Filter>源文件</Filter>
    </ClCompile>
    <ClCompile Include="Editor\ThirdParty\imguizmo\ImGuizmo.cpp">
      <Filter>源文件</Filter>
    </ClCompile>
    <ClCompile Include="Editor\ThirdParty\imguizmo\ImSequencer.cpp">
      <Filter>源文件</Filter>
    </ClCompile>
    <ClCompile Include="Editor\ThirdParty\nfd\nfd_common.c">
      <Filter>源文件</Filter>
    </ClCompile>
    <ClCompile Include="Editor\ThirdParty\nfd\nfd_win.cpp">
      <Filter>源文件</Filter>
    </ClCompile>
    <ClCompile Include="Editor\MyGUI\Window\EditorPipelineWindow.cpp">
      <Filter>源文件</Filter>
    </ClCompile>
    <ClCompile Include="Editor\MyGUI\Window\EditorGameWindow.cpp">
      <Filter>源文件</Filter>
    </ClCompile>
    <ClCompile Include="Editor\EditorCamera.cpp">
      <Filter>源文件</Filter>
    </ClCompile>
    <ClCompile Include="Editor\Scene\Tutorial_Lighting.cpp">
      <Filter>源文件</Filter>
    </ClCompile>
    <ClCompile Include="Editor\Scene\Tutorial_Normal.cpp">
      <Filter>源文件</Filter>
    </ClCompile>
    <ClCompile Include="Editor\Scene\Tutorial_Skybox.cpp">
      <Filter>源文件</Filter>
    </ClCompile>
  </ItemGroup>
  <ItemGroup>
    <ClInclude Include="Editor\EditorInputer.h">
      <Filter>头文件</Filter>
    </ClInclude>
    <ClInclude Include="Editor\EditorEngineIniter.h">
      <Filter>头文件</Filter>
    </ClInclude>
    <ClInclude Include="Editor\Scene\MyMainScene.h">
      <Filter>头文件</Filter>
    </ClInclude>
    <ClInclude Include="Editor\MyController.h">
      <Filter>头文件</Filter>
    </ClInclude>
    <ClInclude Include="Editor\MyGUI\Window\EditorOverviewWindow.h">
      <Filter>头文件</Filter>
    </ClInclude>
    <ClInclude Include="Editor\MyGUI\EditorContext.h">
      <Filter>头文件</Filter>
    </ClInclude>
    <ClInclude Include="Editor\MyGUI\Window\EditorLogWindow.h">
      <Filter>头文件</Filter>
    </ClInclude>
    <ClInclude Include="Editor\MyGUI\Window\EditorObjectInfoWindow.h">
      <Filter>头文件</Filter>
    </ClInclude>
    <ClInclude Include="Editor\MyGUI\Window\EditorSceneWindow.h">
      <Filter>头文件</Filter>
    </ClInclude>
    <ClInclude Include="Editor\MyGUI\Window\EditorInfoWindow.h">
      <Filter>头文件</Filter>
    </ClInclude>
    <ClInclude Include="Editor\MyGUI\Window\EditorMainWindow.h">
      <Filter>头文件</Filter>
    </ClInclude>
    <ClInclude Include="Editor\EditorEvent.h">
      <Filter>头文件</Filter>
    </ClInclude>
    <ClInclude Include="Editor\Scene\MySecondScene.h">
      <Filter>头文件</Filter>
    </ClInclude>
    <ClInclude Include="Editor\MyGUI\Window\EditorGCInfoWindow.h">
      <Filter>头文件</Filter>
    </ClInclude>
    <ClInclude Include="Editor\Scene\Tutorial_Triangle.h">
      <Filter>头文件</Filter>
    </ClInclude>
    <ClInclude Include="Editor\MyGUI\Window\EditorTextureViewerWindow.h">
      <Filter>头文件</Filter>
    </ClInclude>
    <ClInclude Include="Editor\MyGUI\Window\EditorResourceWindow.h">
      <Filter>头文件</Filter>
    </ClInclude>
    <ClInclude Include="Editor\MyGUI\Window\EditorShaderEditorWindow.h">
      <Filter>头文件</Filter>
    </ClInclude>
    <ClInclude Include="Editor\MyGUI\Window\EditorLightingWindow.h">
      <Filter>头文件</Filter>
    </ClInclude>
    <ClInclude Include="Editor\GUI\GUI.h">
      <Filter>头文件</Filter>
    </ClInclude>
    <ClInclude Include="Editor\GUI\GUIWidget.h">
      <Filter>头文件</Filter>
    </ClInclude>
    <ClInclude Include="Editor\WindowsEngine.h">
      <Filter>头文件</Filter>
    </ClInclude>
    <ClInclude Include="Editor\ThirdParty\imgui\TextEditor\TextEditor.h">
      <Filter>头文件</Filter>
    </ClInclude>
    <ClInclude Include="Editor\ThirdParty\imgui\imconfig.h">
      <Filter>头文件</Filter>
    </ClInclude>
    <ClInclude Include="Editor\ThirdParty\imgui\imgui.h">
      <Filter>头文件</Filter>
    </ClInclude>
    <ClInclude Include="Editor\ThirdParty\imgui\imgui_impl_glfw.h">
      <Filter>头文件</Filter>
    </ClInclude>
    <ClInclude Include="Editor\ThirdParty\imgui\imgui_impl_opengl3.h">
      <Filter>头文件</Filter>
    </ClInclude>
    <ClInclude Include="Editor\ThirdParty\imgui\imgui_impl_opengl3_loader.h">
      <Filter>头文件</Filter>
    </ClInclude>
    <ClInclude Include="Editor\ThirdParty\imgui\imgui_internal.h">
      <Filter>头文件</Filter>
    </ClInclude>
    <ClInclude Include="Editor\ThirdParty\imgui\imstb_rectpack.h">
      <Filter>头文件</Filter>
    </ClInclude>
    <ClInclude Include="Editor\ThirdParty\imgui\imstb_textedit.h">
      <Filter>头文件</Filter>
    </ClInclude>
    <ClInclude Include="Editor\ThirdParty\imgui\imstb_truetype.h">
      <Filter>头文件</Filter>
    </ClInclude>
    <ClInclude Include="Editor\MyGUI\Window\EditorFrameBufferViewerWindow.h">
      <Filter>头文件</Filter>
    </ClInclude>
    <ClInclude Include="Editor\Scene\Tutorial_Texture2D.h">
      <Filter>头文件</Filter>
    </ClInclude>
    <ClInclude Include="Editor\Scene\SceneHead.h">
      <Filter>头文件</Filter>
    </ClInclude>
    <ClInclude Include="Editor\Scene\Tutorial_Cube.h">
      <Filter>头文件</Filter>
    </ClInclude>
    <ClInclude Include="Editor\Scene\Tutorial_Camera.h">
      <Filter>头文件</Filter>
    </ClInclude>
    <ClInclude Include="Editor\Scene\TutorialHelper.h">
      <Filter>头文件</Filter>
    </ClInclude>
    <ClInclude Include="Editor\Scene\Tutorial_FrameBuffer.h">
      <Filter>头文件</Filter>
    </ClInclude>
    <ClInclude Include="Editor\ThirdParty\imguizmo\GraphEditor.h">
      <Filter>头文件</Filter>
    </ClInclude>
    <ClInclude Include="Editor\ThirdParty\imguizmo\ImCurveEdit.h">
      <Filter>头文件</Filter>
    </ClInclude>
    <ClInclude Include="Editor\ThirdParty\imguizmo\ImGradient.h">
      <Filter>头文件</Filter>
    </ClInclude>
    <ClInclude Include="Editor\ThirdParty\imguizmo\ImGuizmo.h">
      <Filter>头文件</Filter>
    </ClInclude>
    <ClInclude Include="Editor\ThirdParty\imguizmo\ImSequencer.h">
      <Filter>头文件</Filter>
    </ClInclude>
    <ClInclude Include="Editor\ThirdParty\imguizmo\ImZoomSlider.h">
      <Filter>头文件</Filter>
    </ClInclude>
    <ClInclude Include="Editor\ThirdParty\nfd\include\nfd.h">
      <Filter>头文件</Filter>
    </ClInclude>
    <ClInclude Include="Editor\ThirdParty\nfd\common.h">
      <Filter>头文件</Filter>
    </ClInclude>
    <ClInclude Include="Editor\ThirdParty\nfd\nfd_common.h">
      <Filter>头文件</Filter>
    </ClInclude>
    <ClInclude Include="Editor\MyGUI\Window\EditorPipelineWindow.h">
      <Filter>头文件</Filter>
    </ClInclude>
    <ClInclude Include="Editor\MyGUI\Window\EditorGameWindow.h">
      <Filter>头文件</Filter>
    </ClInclude>
    <ClInclude Include="Editor\EditorCamera.h">
      <Filter>头文件</Filter>
    </ClInclude>
    <ClInclude Include="Editor\Scene\Tutorial_Lighting.h">
      <Filter>头文件</Filter>
    </ClInclude>
    <ClInclude Include="Editor\Scene\Tutorial_Normal.h">
      <Filter>头文件</Filter>
    </ClInclude>
    <ClInclude Include="Editor\Scene\Tutorial_Skybox.h">
      <Filter>头文件</Filter>
    </ClInclude>
  </ItemGroup>
</Project>