<?xml version="1.0" encoding="utf-8"?>
<Project ToolsVersion="4.0" xmlns="http://schemas.microsoft.com/developer/msbuild/2003">
  <ItemGroup>
    <Filter Include="源文件">
      <UniqueIdentifier>{4FC737F1-C7A5-4376-A066-2A32D752A2FF}</UniqueIdentifier>
      <Extensions>cpp;c;cc;cxx;c++;cppm;ixx;def;odl;idl;hpj;bat;asm;asmx</Extensions>
    </Filter>
    <Filter Include="头文件">
      <UniqueIdentifier>{93995380-89BD-4b04-88EB-625FBE52EBFB}</UniqueIdentifier>
      <Extensions>h;hh;hpp;hxx;h++;hm;inl;inc;ipp;xsd</Extensions>
    </Filter>
    <Filter Include="资源文件">
      <UniqueIdentifier>{67DA6AB6-F800-4c08-8B7A-83BB121AAD01}</UniqueIdentifier>
      <Extensions>rc;ico;cur;bmp;dlg;rc2;rct;bin;rgs;gif;jpg;jpeg;jpe;resx;tiff;tif;png;wav;mfcribbon-ms</Extensions>
    </Filter>
  </ItemGroup>
  <ItemGroup>
    <ClCompile Include="Test\main.cpp">
      <Filter>源文件</Filter>
    </ClCompile>
    <ClCompile Include="Test\MyInputer.cpp">
      <Filter>源文件</Filter>
    </ClCompile>
    <ClCompile Include="Test\MyEngineIniter.cpp">
      <Filter>源文件</Filter>
    </ClCompile>
    <ClCompile Include="Test\Scene\MyMainScene.cpp">
      <Filter>源文件</Filter>
    </ClCompile>
    <ClCompile Include="Test\MyController.cpp">
      <Filter>源文件</Filter>
    </ClCompile>
    <ClCompile Include="Test\MyGUI\Window\MyOverviewWindow.cpp">
      <Filter>源文件</Filter>
    </ClCompile>
    <ClCompile Include="Test\MyGUI\MyGUIContext.cpp">
      <Filter>源文件</Filter>
    </ClCompile>
    <ClCompile Include="Test\MyGUI\Window\MyLogWindow.cpp">
      <Filter>源文件</Filter>
    </ClCompile>
    <ClCompile Include="Test\MyGUI\Window\MyObjectInfoWindow.cpp">
      <Filter>源文件</Filter>
    </ClCompile>
    <ClCompile Include="Test\MyGUI\Window\MySceneWindow.cpp">
      <Filter>源文件</Filter>
    </ClCompile>
    <ClCompile Include="Test\MyGUI\Window\MyInfoWindow.cpp">
      <Filter>源文件</Filter>
    </ClCompile>
    <ClCompile Include="Test\MyGUI\Window\MyMainWindow.cpp">
      <Filter>源文件</Filter>
    </ClCompile>
    <ClCompile Include="Test\MyEvent.cpp">
      <Filter>源文件</Filter>
    </ClCompile>
    <ClCompile Include="Test\Scene\MySecondScene.cpp">
      <Filter>源文件</Filter>
    </ClCompile>
    <ClCompile Include="Test\MyGUI\Window\MyGCInfoWindow.cpp">
      <Filter>源文件</Filter>
    </ClCompile>
    <ClCompile Include="Test\Scene\Tutorial_Triangle.cpp">
      <Filter>源文件</Filter>
    </ClCompile>
    <ClCompile Include="Test\MyObserver.cpp">
      <Filter>源文件</Filter>
    </ClCompile>
    <ClCompile Include="Test\MyGUI\Window\MyTextureViewerWindow.cpp">
      <Filter>源文件</Filter>
    </ClCompile>
    <ClCompile Include="Test\MyGUI\Window\MyResourceWindow.cpp">
      <Filter>源文件</Filter>
    </ClCompile>
    <ClCompile Include="Test\MyGUI\Window\MyShaderEditorWindow.cpp">
      <Filter>源文件</Filter>
    </ClCompile>
    <ClCompile Include="Test\MyGUI\Window\MyLightingWindow.cpp">
      <Filter>源文件</Filter>
    </ClCompile>
    <ClCompile Include="Test\GUI\GUI.cpp">
      <Filter>源文件</Filter>
    </ClCompile>
    <ClCompile Include="Test\GUI\GUIWidget.cpp">
      <Filter>源文件</Filter>
    </ClCompile>
    <ClCompile Include="Test\WindowsEngine.cpp">
      <Filter>源文件</Filter>
    </ClCompile>
    <ClCompile Include="Test\ThirdParty\imgui\TextEditor\TextEditor.cpp">
      <Filter>源文件</Filter>
    </ClCompile>
    <ClCompile Include="Test\ThirdParty\imgui\imgui.cpp">
      <Filter>源文件</Filter>
    </ClCompile>
    <ClCompile Include="Test\ThirdParty\imgui\imgui_draw.cpp">
      <Filter>源文件</Filter>
    </ClCompile>
    <ClCompile Include="Test\ThirdParty\imgui\imgui_impl_glfw.cpp">
      <Filter>源文件</Filter>
    </ClCompile>
    <ClCompile Include="Test\ThirdParty\imgui\imgui_impl_opengl3.cpp">
      <Filter>源文件</Filter>
    </ClCompile>
    <ClCompile Include="Test\ThirdParty\imgui\imgui_tables.cpp">
      <Filter>源文件</Filter>
    </ClCompile>
    <ClCompile Include="Test\ThirdParty\imgui\imgui_widgets.cpp">
      <Filter>源文件</Filter>
    </ClCompile>
    <ClCompile Include="Test\MyGUI\Window\MyFrameBufferViewerWindow.cpp">
      <Filter>源文件</Filter>
    </ClCompile>
    <ClCompile Include="Test\Scene\Tutorial_Texture2D.cpp">
      <Filter>源文件</Filter>
    </ClCompile>
    <ClCompile Include="Test\Scene\Tutorial_Cube.cpp">
      <Filter>源文件</Filter>
    </ClCompile>
    <ClCompile Include="Test\Scene\Tutorial_Camera.cpp">
      <Filter>源文件</Filter>
    </ClCompile>
    <ClCompile Include="Test\Scene\Tutorial_FrameBuffer.cpp">
      <Filter>源文件</Filter>
    </ClCompile>
    <ClCompile Include="Test\ThirdParty\imguizmo\GraphEditor.cpp">
      <Filter>源文件</Filter>
    </ClCompile>
    <ClCompile Include="Test\ThirdParty\imguizmo\ImCurveEdit.cpp">
      <Filter>源文件</Filter>
    </ClCompile>
    <ClCompile Include="Test\ThirdParty\imguizmo\ImGradient.cpp">
      <Filter>源文件</Filter>
    </ClCompile>
    <ClCompile Include="Test\ThirdParty\imguizmo\ImGuizmo.cpp">
      <Filter>源文件</Filter>
    </ClCompile>
    <ClCompile Include="Test\ThirdParty\imguizmo\ImSequencer.cpp">
      <Filter>源文件</Filter>
    </ClCompile>
    <ClCompile Include="Test\ThirdParty\nfd\nfd_common.c">
      <Filter>源文件</Filter>
    </ClCompile>
    <ClCompile Include="Test\ThirdParty\nfd\nfd_win.cpp">
      <Filter>源文件</Filter>
    </ClCompile>
  </ItemGroup>
  <ItemGroup>
    <ClInclude Include="Test\MyInputer.h">
      <Filter>头文件</Filter>
    </ClInclude>
    <ClInclude Include="Test\MyEngineIniter.h">
      <Filter>头文件</Filter>
    </ClInclude>
    <ClInclude Include="Test\Scene\MyMainScene.h">
      <Filter>头文件</Filter>
    </ClInclude>
    <ClInclude Include="Test\MyController.h">
      <Filter>头文件</Filter>
    </ClInclude>
    <ClInclude Include="Test\MyGUI\Window\MyOverviewWindow.h">
      <Filter>头文件</Filter>
    </ClInclude>
    <ClInclude Include="Test\MyGUI\MyGUIContext.h">
      <Filter>头文件</Filter>
    </ClInclude>
    <ClInclude Include="Test\MyGUI\Window\MyLogWindow.h">
      <Filter>头文件</Filter>
    </ClInclude>
    <ClInclude Include="Test\MyGUI\Window\MyObjectInfoWindow.h">
      <Filter>头文件</Filter>
    </ClInclude>
    <ClInclude Include="Test\MyGUI\Window\MySceneWindow.h">
      <Filter>头文件</Filter>
    </ClInclude>
    <ClInclude Include="Test\MyGUI\Window\MyInfoWindow.h">
      <Filter>头文件</Filter>
    </ClInclude>
    <ClInclude Include="Test\MyGUI\Window\MyMainWindow.h">
      <Filter>头文件</Filter>
    </ClInclude>
    <ClInclude Include="Test\MyEvent.h">
      <Filter>头文件</Filter>
    </ClInclude>
    <ClInclude Include="Test\Scene\MySecondScene.h">
      <Filter>头文件</Filter>
    </ClInclude>
    <ClInclude Include="Test\MyGUI\Window\MyGCInfoWindow.h">
      <Filter>头文件</Filter>
    </ClInclude>
    <ClInclude Include="Test\Scene\Tutorial_Triangle.h">
      <Filter>头文件</Filter>
    </ClInclude>
    <ClInclude Include="Test\MyObserver.h">
      <Filter>头文件</Filter>
    </ClInclude>
    <ClInclude Include="Test\MyGUI\Window\MyTextureViewerWindow.h">
      <Filter>头文件</Filter>
    </ClInclude>
    <ClInclude Include="Test\MyGUI\Window\MyResourceWindow.h">
      <Filter>头文件</Filter>
    </ClInclude>
    <ClInclude Include="Test\MyGUI\Window\MyShaderEditorWindow.h">
      <Filter>头文件</Filter>
    </ClInclude>
    <ClInclude Include="Test\MyGUI\Window\MyLightingWindow.h">
      <Filter>头文件</Filter>
    </ClInclude>
    <ClInclude Include="Test\GUI\GUI.h">
      <Filter>头文件</Filter>
    </ClInclude>
    <ClInclude Include="Test\GUI\GUIWidget.h">
      <Filter>头文件</Filter>
    </ClInclude>
    <ClInclude Include="Test\WindowsEngine.h">
      <Filter>头文件</Filter>
    </ClInclude>
    <ClInclude Include="Test\ThirdParty\imgui\TextEditor\TextEditor.h">
      <Filter>头文件</Filter>
    </ClInclude>
    <ClInclude Include="Test\ThirdParty\imgui\imconfig.h">
      <Filter>头文件</Filter>
    </ClInclude>
    <ClInclude Include="Test\ThirdParty\imgui\imgui.h">
      <Filter>头文件</Filter>
    </ClInclude>
    <ClInclude Include="Test\ThirdParty\imgui\imgui_impl_glfw.h">
      <Filter>头文件</Filter>
    </ClInclude>
    <ClInclude Include="Test\ThirdParty\imgui\imgui_impl_opengl3.h">
      <Filter>头文件</Filter>
    </ClInclude>
    <ClInclude Include="Test\ThirdParty\imgui\imgui_impl_opengl3_loader.h">
      <Filter>头文件</Filter>
    </ClInclude>
    <ClInclude Include="Test\ThirdParty\imgui\imgui_internal.h">
      <Filter>头文件</Filter>
    </ClInclude>
    <ClInclude Include="Test\ThirdParty\imgui\imstb_rectpack.h">
      <Filter>头文件</Filter>
    </ClInclude>
    <ClInclude Include="Test\ThirdParty\imgui\imstb_textedit.h">
      <Filter>头文件</Filter>
    </ClInclude>
    <ClInclude Include="Test\ThirdParty\imgui\imstb_truetype.h">
      <Filter>头文件</Filter>
    </ClInclude>
    <ClInclude Include="Test\MyGUI\Window\MyFrameBufferViewerWindow.h">
      <Filter>头文件</Filter>
    </ClInclude>
    <ClInclude Include="Test\Scene\Tutorial_Texture2D.h">
      <Filter>头文件</Filter>
    </ClInclude>
    <ClInclude Include="Test\Scene\SceneHead.h">
      <Filter>头文件</Filter>
    </ClInclude>
    <ClInclude Include="Test\Scene\Tutorial_Cube.h">
      <Filter>头文件</Filter>
    </ClInclude>
    <ClInclude Include="Test\Scene\Tutorial_Camera.h">
      <Filter>头文件</Filter>
    </ClInclude>
    <ClInclude Include="Test\Scene\TutorialHelper.h">
      <Filter>头文件</Filter>
    </ClInclude>
    <ClInclude Include="Test\Scene\Tutorial_FrameBuffer.h">
      <Filter>头文件</Filter>
    </ClInclude>
    <ClInclude Include="Test\ThirdParty\imguizmo\GraphEditor.h">
      <Filter>头文件</Filter>
    </ClInclude>
    <ClInclude Include="Test\ThirdParty\imguizmo\ImCurveEdit.h">
      <Filter>头文件</Filter>
    </ClInclude>
    <ClInclude Include="Test\ThirdParty\imguizmo\ImGradient.h">
      <Filter>头文件</Filter>
    </ClInclude>
    <ClInclude Include="Test\ThirdParty\imguizmo\ImGuizmo.h">
      <Filter>头文件</Filter>
    </ClInclude>
    <ClInclude Include="Test\ThirdParty\imguizmo\ImSequencer.h">
      <Filter>头文件</Filter>
    </ClInclude>
    <ClInclude Include="Test\ThirdParty\imguizmo\ImZoomSlider.h">
      <Filter>头文件</Filter>
    </ClInclude>
    <ClInclude Include="Test\ThirdParty\nfd\include\nfd.h">
      <Filter>头文件</Filter>
    </ClInclude>
    <ClInclude Include="Test\ThirdParty\nfd\common.h">
      <Filter>头文件</Filter>
    </ClInclude>
    <ClInclude Include="Test\ThirdParty\nfd\nfd_common.h">
      <Filter>头文件</Filter>
    </ClInclude>
  </ItemGroup>
</Project>