<?xml version="1.0" encoding="utf-8"?>
<Project ToolsVersion="4.0" xmlns="http://schemas.microsoft.com/developer/msbuild/2003">
  <ItemGroup>
    <ClCompile Include="Core\Engine.cpp">
      <Filter>Engine\Core</Filter>
    </ClCompile>
    <ClCompile Include="Core\Data\MeshData.cpp">
      <Filter>Engine\Core\Data</Filter>
    </ClCompile>
    <ClCompile Include="Core\Renderer\RenderCommand.cpp">
      <Filter>Engine\Core\Renderer\Command</Filter>
    </ClCompile>
    <ClCompile Include="Core\Renderer\Vertex.cpp">
      <Filter>Engine\Core\Renderer\Command</Filter>
    </ClCompile>
    <ClCompile Include="Core\Renderer\RenderObject.cpp">
      <Filter>Engine\Core\Renderer\Object</Filter>
    </ClCompile>
    <ClCompile Include="Core\Renderer\RenderPass.cpp">
      <Filter>Engine\Core\Renderer\Pass</Filter>
    </ClCompile>
    <ClCompile Include="Core\Shader\Shader.cpp">
      <Filter>Engine\Core\Shader</Filter>
    </ClCompile>
    <ClCompile Include="Platform\OpenGL\GLShaderBuilder.cpp">
      <Filter>Engine\Core\Shader</Filter>
    </ClCompile>
    <ClCompile Include="Core\Manager\ShaderManager.cpp">
      <Filter>Engine\Core\Shader</Filter>
    </ClCompile>
    <ClCompile Include="ThirdParty\glad\glad.c">
      <Filter>Engine\Thirdparty\glad</Filter>
    </ClCompile>
    <ClCompile Include="ThirdParty\glm\detail\glm.cpp">
      <Filter>Engine\Thirdparty\glm</Filter>
    </ClCompile>
    <ClCompile Include="Core\GUI\GUI.cpp">
      <Filter>Engine\Core\Renderer\GUI</Filter>
    </ClCompile>
    <ClCompile Include="ThirdParty\imgui\imgui.cpp">
      <Filter>Engine\Thirdparty\imgui</Filter>
    </ClCompile>
    <ClCompile Include="ThirdParty\imgui\imgui_draw.cpp">
      <Filter>Engine\Thirdparty\imgui</Filter>
    </ClCompile>
    <ClCompile Include="ThirdParty\imgui\imgui_tables.cpp">
      <Filter>Engine\Thirdparty\imgui</Filter>
    </ClCompile>
    <ClCompile Include="ThirdParty\imgui\imgui_widgets.cpp">
      <Filter>Engine\Thirdparty\imgui</Filter>
    </ClCompile>
    <ClCompile Include="ThirdParty\imgui\imgui_impl_glfw.cpp">
      <Filter>Engine\Thirdparty\imgui</Filter>
    </ClCompile>
    <ClCompile Include="ThirdParty\imgui\imgui_impl_opengl3.cpp">
      <Filter>Engine\Thirdparty\imgui</Filter>
    </ClCompile>
    <ClCompile Include="Core\Profiler.cpp">
      <Filter>Engine\Core</Filter>
    </ClCompile>
    <ClCompile Include="Core\Tool\StringTool.cpp">
      <Filter>Engine\Utility</Filter>
    </ClCompile>
    <ClCompile Include="Core\Data\Image.cpp">
      <Filter>Engine\Core\Data</Filter>
    </ClCompile>
    <ClCompile Include="Core\Renderer\Texture.cpp">
      <Filter>Engine\Core\Renderer\Object</Filter>
    </ClCompile>
    <ClCompile Include="Core\Component\MeshRenderer.cpp">
      <Filter>Engine\Core\Renderer\Object</Filter>
    </ClCompile>
    <ClCompile Include="Core\Manager\VertexBufferManager.cpp">
      <Filter>Engine\Core\Renderer\Command</Filter>
    </ClCompile>
    <ClCompile Include="Core\Shader\ShaderParam.cpp">
      <Filter>Engine\Core\Shader</Filter>
    </ClCompile>
    <ClCompile Include="Core\GUI\GUIWidget.cpp">
      <Filter>Engine\Core\Renderer\GUI</Filter>
    </ClCompile>
    <ClCompile Include="Core\Component\Transform.cpp">
      <Filter>Engine\Core\Transform</Filter>
    </ClCompile>
    <ClCompile Include="Core\Scene\Scene.cpp">
      <Filter>Engine\Core\Scene</Filter>
    </ClCompile>
    <ClCompile Include="Core\Manager\SceneManager.cpp">
      <Filter>Engine\Core\Scene</Filter>
    </ClCompile>
    <ClCompile Include="Core\Input\Inputer.cpp">
      <Filter>Engine\Core\Input</Filter>
    </ClCompile>
    <ClCompile Include="Core\Input\InputSystem.cpp">
      <Filter>Engine\Core\Input</Filter>
    </ClCompile>
    <ClCompile Include="Core\Component\GameObject.cpp">
      <Filter>Engine\Core\Scene\GameObject</Filter>
    </ClCompile>
    <ClCompile Include="Core\Component\Camera.cpp">
      <Filter>Engine\Core\Scene\Camera</Filter>
    </ClCompile>
    <ClCompile Include="Core\Manager\CameraManager.cpp">
      <Filter>Engine\Core\Scene\Camera</Filter>
    </ClCompile>
    <ClCompile Include="Core\Component\Light.cpp">
      <Filter>Engine\Core\Renderer\Object\Light</Filter>
    </ClCompile>
    <ClCompile Include="Core\Manager\LightManager.cpp">
      <Filter>Engine\Core\Renderer\Object\Light</Filter>
    </ClCompile>
    <ClCompile Include="Core\EngineIniter.cpp">
      <Filter>Engine\Core\Data</Filter>
    </ClCompile>
    <ClCompile Include="Core\Renderer\LayerMask.cpp">
      <Filter>Engine\Core\Scene\GameObject</Filter>
    </ClCompile>
    <ClCompile Include="Core\Component\Component.cpp">
      <Filter>Engine\Core\Scene\GameObject</Filter>
    </ClCompile>
    <ClCompile Include="Core\Data\Material.cpp">
      <Filter>Engine\Core\Data</Filter>
    </ClCompile>
    <ClCompile Include="Core\Shader\ShaderPackage.cpp" />
    <ClCompile Include="Platform\OpenGL\WindowsEngine.cpp" />
    <ClCompile Include="Platform\OpenGL\GLGraphics.cpp" />
    <ClCompile Include="Core\Renderer\BaseGraphics.cpp" />
    <ClCompile Include="Core\Renderer\VertexBuffer.cpp" />
    <ClCompile Include="Core\Layer\Layer.cpp" />
    <ClCompile Include="Core\Renderer\RenderLayer.cpp" />
    <ClCompile Include="Core\Head\ConfigHead.cpp" />
    <ClCompile Include="Core\Head\CppHead.cpp" />
    <ClCompile Include="Core\Head\RenderConfig.cpp" />
    <ClCompile Include="Core\Shader\Uniform.cpp" />
    <ClCompile Include="Core\Manager\TextureManager.cpp" />
    <ClCompile Include="Core\Layer\LightLayer.cpp" />
    <ClCompile Include="Core\Tool\Collision\OBB.cpp" />
    <ClCompile Include="Core\Tool\Collision\FrustumCulling.cpp" />
    <ClCompile Include="Core\Component\Skybox.cpp" />
    <ClCompile Include="Core\Renderer\FrameBuffer.cpp" />
    <ClCompile Include="Core\Manager\FrameBufferManager.cpp" />
    <ClCompile Include="Core\Tool\FileTool.cpp" />
    <ClCompile Include="Core\Component\FlyController.cpp" />
    <ClCompile Include="Core\Tool\Log.cpp" />
    <ClCompile Include="Core\Tool\Event.cpp" />
    <ClCompile Include="Core\Event\EngineEvent.cpp" />
    <ClCompile Include="Core\Renderer\VertexConfig.cpp" />
    <ClCompile Include="Core\Base\TinyGC.cpp" />
    <ClCompile Include="Core\Base\TinyRefObject.cpp" />
    <ClCompile Include="Core\Renderer\RenderAgent.cpp" />
    <ClCompile Include="Core\Base\TinyGCInfo.cpp" />
    <ClCompile Include="Core\Component\ShadowCaster.cpp" />
    <ClCompile Include="Core\Manager\ShadowCasterManager.cpp" />
    <ClCompile Include="Core\Tool\Octree\Octree.cpp" />
    <ClCompile Include="Core\Component\OctreeAgent.cpp" />
    <ClCompile Include="Core\Tool\Octree\OctreeAgentList.cpp" />
    <ClCompile Include="Core\Tool\Octree\OctreeConfig.cpp" />
    <ClCompile Include="Core\Tool\Octree\OctreeNode.cpp" />
    <ClCompile Include="Core\Tool\Collision\BoundingBox.cpp" />
    <ClCompile Include="Core\Manager\EnvironmentLightManager.cpp" />
    <ClCompile Include="Core\Manager\ModelManager.cpp" />
    <ClCompile Include="ThirdParty\imgui\TextEditor\TextEditor.cpp" />
    <ClCompile Include="Core\Data\Resource.cpp" />
    <ClCompile Include="ThirdParty\Hash\city.cc" />
    <ClCompile Include="Core\Renderer\BuildCommand.cpp" />
    <ClCompile Include="Platform\OpenGL\GLBuildCommand.cpp" />
    <ClCompile Include="Platform\OpenGL\GLRenderCommand.cpp" />
    <ClCompile Include="Core\Data\Text.cpp" />
  </ItemGroup>
  <ItemGroup>
    <Filter Include="Engine">
      <UniqueIdentifier>{e4a02e84-75b7-4f9d-9381-ec55b8bf2b86}</UniqueIdentifier>
    </Filter>
    <Filter Include="Engine\Core">
      <UniqueIdentifier>{b4db7d1e-dbff-4ca9-90b7-c58e9a4e608d}</UniqueIdentifier>
    </Filter>
    <Filter Include="Engine\Core\Renderer">
      <UniqueIdentifier>{c0974fbe-dc03-434b-b629-b659c5974d37}</UniqueIdentifier>
    </Filter>
    <Filter Include="Engine\Core\Renderer\Pass">
      <UniqueIdentifier>{66d4e20d-f9f2-412d-9096-b9d933d1ab3a}</UniqueIdentifier>
    </Filter>
    <Filter Include="Engine\Core\Renderer\Command">
      <UniqueIdentifier>{e6fc0e50-468c-4f62-8d1c-3a1f5f55cc9c}</UniqueIdentifier>
    </Filter>
    <Filter Include="Engine\Core\Renderer\Object">
      <UniqueIdentifier>{c41177a3-7096-45a9-9221-70d86d3e126e}</UniqueIdentifier>
    </Filter>
    <Filter Include="Engine\Core\Data">
      <UniqueIdentifier>{2441d617-aa5f-4da9-bca2-c92c8730cd53}</UniqueIdentifier>
    </Filter>
    <Filter Include="Engine\Core\Shader">
      <UniqueIdentifier>{58e81e64-f529-4e67-9d7e-821f2170d87b}</UniqueIdentifier>
    </Filter>
    <Filter Include="Engine\Utility">
      <UniqueIdentifier>{3903e188-7dda-49b2-ab1c-e0e36fd0de29}</UniqueIdentifier>
    </Filter>
    <Filter Include="Test">
      <UniqueIdentifier>{160ff020-f1fa-496d-b646-f817f1c7b5c2}</UniqueIdentifier>
    </Filter>
    <Filter Include="Engine\Thirdparty">
      <UniqueIdentifier>{03ea1a74-07b9-4bfc-9b84-49e90f5a0dc9}</UniqueIdentifier>
    </Filter>
    <Filter Include="Engine\Thirdparty\glad">
      <UniqueIdentifier>{99829fb3-7e8a-4ddc-8c26-29a8eb65ac87}</UniqueIdentifier>
    </Filter>
    <Filter Include="Engine\Thirdparty\glm">
      <UniqueIdentifier>{15037f50-f139-4462-9219-2b8a511fc246}</UniqueIdentifier>
    </Filter>
    <Filter Include="Engine\Core\Renderer\GUI">
      <UniqueIdentifier>{ca1bff3d-d92d-450a-9557-8ce64f0f8208}</UniqueIdentifier>
    </Filter>
    <Filter Include="Engine\Thirdparty\imgui">
      <UniqueIdentifier>{ef4057ec-58ad-4dad-ac1d-54f1a630f1e8}</UniqueIdentifier>
    </Filter>
    <Filter Include="Engine\Thirdparty\glfw">
      <UniqueIdentifier>{02afedab-b556-4d76-8333-cc5b1c2a460b}</UniqueIdentifier>
    </Filter>
    <Filter Include="Engine\Header">
      <UniqueIdentifier>{ee483fd2-cbbd-41aa-8abc-a3cc039cab0f}</UniqueIdentifier>
    </Filter>
    <Filter Include="Engine\Core\Renderer\Object\Light">
      <UniqueIdentifier>{3a1d12fe-bad7-418d-a616-ba9069f813a2}</UniqueIdentifier>
    </Filter>
    <Filter Include="Engine\Core\Input">
      <UniqueIdentifier>{6d441da2-1d77-4850-a194-095f33e8944d}</UniqueIdentifier>
    </Filter>
    <Filter Include="Engine\Core\Scene">
      <UniqueIdentifier>{30805f96-e40a-4d1c-9b8d-718df949e553}</UniqueIdentifier>
    </Filter>
    <Filter Include="Engine\Core\Scene\GameObject">
      <UniqueIdentifier>{c24a479e-1f87-4528-89f8-8f50309a156f}</UniqueIdentifier>
    </Filter>
    <Filter Include="Engine\Core\Transform">
      <UniqueIdentifier>{e3eed163-11b1-46b3-b1c9-75df74cbe885}</UniqueIdentifier>
    </Filter>
    <Filter Include="Engine\Core\Scene\Camera">
      <UniqueIdentifier>{a15767f7-864d-4ba7-bcc6-f3214bbb35b1}</UniqueIdentifier>
    </Filter>
  </ItemGroup>
  <ItemGroup>
    <ClInclude Include="Core\Engine.h">
      <Filter>Engine\Core</Filter>
    </ClInclude>
    <ClInclude Include="Core\Data\MeshData.h">
      <Filter>Engine\Core\Data</Filter>
    </ClInclude>
    <ClInclude Include="Core\Renderer\RenderCommand.h">
      <Filter>Engine\Core\Renderer\Command</Filter>
    </ClInclude>
    <ClInclude Include="Core\Renderer\Vertex.h">
      <Filter>Engine\Core\Renderer\Command</Filter>
    </ClInclude>
    <ClInclude Include="Core\Renderer\RenderObject.h">
      <Filter>Engine\Core\Renderer\Object</Filter>
    </ClInclude>
    <ClInclude Include="Core\Renderer\RenderPass.h">
      <Filter>Engine\Core\Renderer\Pass</Filter>
    </ClInclude>
    <ClInclude Include="Core\Shader\Shader.h">
      <Filter>Engine\Core\Shader</Filter>
    </ClInclude>
    <ClInclude Include="Platform\OpenGL\GLShaderBuilder.h">
      <Filter>Engine\Core\Shader</Filter>
    </ClInclude>
    <ClInclude Include="Core\Manager\ShaderManager.h">
      <Filter>Engine\Core\Shader</Filter>
    </ClInclude>
    <ClInclude Include="ThirdParty\glad\glad.h">
      <Filter>Engine\Thirdparty\glad</Filter>
    </ClInclude>
    <ClInclude Include="ThirdParty\glad\khrplatform.h">
      <Filter>Engine\Thirdparty\glad</Filter>
    </ClInclude>
    <ClInclude Include="ThirdParty\stb_image.h">
      <Filter>Engine\Thirdparty</Filter>
    </ClInclude>
    <ClInclude Include="ThirdParty\glm\common.hpp">
      <Filter>Engine\Thirdparty\glm</Filter>
    </ClInclude>
    <ClInclude Include="ThirdParty\glm\detail\compute_common.hpp">
      <Filter>Engine\Thirdparty\glm</Filter>
    </ClInclude>
    <ClInclude Include="ThirdParty\glm\detail\compute_vector_relational.hpp">
      <Filter>Engine\Thirdparty\glm</Filter>
    </ClInclude>
    <ClInclude Include="ThirdParty\glm\detail\qualifier.hpp">
      <Filter>Engine\Thirdparty\glm</Filter>
    </ClInclude>
    <ClInclude Include="ThirdParty\glm\detail\setup.hpp">
      <Filter>Engine\Thirdparty\glm</Filter>
    </ClInclude>
    <ClInclude Include="ThirdParty\glm\detail\type_float.hpp">
      <Filter>Engine\Thirdparty\glm</Filter>
    </ClInclude>
    <ClInclude Include="ThirdParty\glm\detail\type_half.hpp">
      <Filter>Engine\Thirdparty\glm</Filter>
    </ClInclude>
    <ClInclude Include="ThirdParty\glm\detail\type_mat2x2.hpp">
      <Filter>Engine\Thirdparty\glm</Filter>
    </ClInclude>
    <ClInclude Include="ThirdParty\glm\detail\type_mat2x3.hpp">
      <Filter>Engine\Thirdparty\glm</Filter>
    </ClInclude>
    <ClInclude Include="ThirdParty\glm\detail\type_mat2x4.hpp">
      <Filter>Engine\Thirdparty\glm</Filter>
    </ClInclude>
    <ClInclude Include="ThirdParty\glm\detail\type_mat3x2.hpp">
      <Filter>Engine\Thirdparty\glm</Filter>
    </ClInclude>
    <ClInclude Include="ThirdParty\glm\detail\type_mat3x3.hpp">
      <Filter>Engine\Thirdparty\glm</Filter>
    </ClInclude>
    <ClInclude Include="ThirdParty\glm\detail\type_mat3x4.hpp">
      <Filter>Engine\Thirdparty\glm</Filter>
    </ClInclude>
    <ClInclude Include="ThirdParty\glm\detail\type_mat4x2.hpp">
      <Filter>Engine\Thirdparty\glm</Filter>
    </ClInclude>
    <ClInclude Include="ThirdParty\glm\detail\type_mat4x3.hpp">
      <Filter>Engine\Thirdparty\glm</Filter>
    </ClInclude>
    <ClInclude Include="ThirdParty\glm\detail\type_mat4x4.hpp">
      <Filter>Engine\Thirdparty\glm</Filter>
    </ClInclude>
    <ClInclude Include="ThirdParty\glm\detail\type_quat.hpp">
      <Filter>Engine\Thirdparty\glm</Filter>
    </ClInclude>
    <ClInclude Include="ThirdParty\glm\detail\type_vec1.hpp">
      <Filter>Engine\Thirdparty\glm</Filter>
    </ClInclude>
    <ClInclude Include="ThirdParty\glm\detail\type_vec2.hpp">
      <Filter>Engine\Thirdparty\glm</Filter>
    </ClInclude>
    <ClInclude Include="ThirdParty\glm\detail\type_vec3.hpp">
      <Filter>Engine\Thirdparty\glm</Filter>
    </ClInclude>
    <ClInclude Include="ThirdParty\glm\detail\type_vec4.hpp">
      <Filter>Engine\Thirdparty\glm</Filter>
    </ClInclude>
    <ClInclude Include="ThirdParty\glm\detail\_features.hpp">
      <Filter>Engine\Thirdparty\glm</Filter>
    </ClInclude>
    <ClInclude Include="ThirdParty\glm\detail\_fixes.hpp">
      <Filter>Engine\Thirdparty\glm</Filter>
    </ClInclude>
    <ClInclude Include="ThirdParty\glm\detail\_noise.hpp">
      <Filter>Engine\Thirdparty\glm</Filter>
    </ClInclude>
    <ClInclude Include="ThirdParty\glm\detail\_swizzle.hpp">
      <Filter>Engine\Thirdparty\glm</Filter>
    </ClInclude>
    <ClInclude Include="ThirdParty\glm\detail\_swizzle_func.hpp">
      <Filter>Engine\Thirdparty\glm</Filter>
    </ClInclude>
    <ClInclude Include="ThirdParty\glm\detail\_vectorize.hpp">
      <Filter>Engine\Thirdparty\glm</Filter>
    </ClInclude>
    <ClInclude Include="ThirdParty\glm\exponential.hpp">
      <Filter>Engine\Thirdparty\glm</Filter>
    </ClInclude>
    <ClInclude Include="ThirdParty\glm\ext\matrix_clip_space.hpp">
      <Filter>Engine\Thirdparty\glm</Filter>
    </ClInclude>
    <ClInclude Include="ThirdParty\glm\ext\matrix_common.hpp">
      <Filter>Engine\Thirdparty\glm</Filter>
    </ClInclude>
    <ClInclude Include="ThirdParty\glm\ext\matrix_double2x2.hpp">
      <Filter>Engine\Thirdparty\glm</Filter>
    </ClInclude>
    <ClInclude Include="ThirdParty\glm\ext\matrix_double2x2_precision.hpp">
      <Filter>Engine\Thirdparty\glm</Filter>
    </ClInclude>
    <ClInclude Include="ThirdParty\glm\ext\matrix_double2x3.hpp">
      <Filter>Engine\Thirdparty\glm</Filter>
    </ClInclude>
    <ClInclude Include="ThirdParty\glm\ext\matrix_double2x3_precision.hpp">
      <Filter>Engine\Thirdparty\glm</Filter>
    </ClInclude>
    <ClInclude Include="ThirdParty\glm\ext\matrix_double2x4.hpp">
      <Filter>Engine\Thirdparty\glm</Filter>
    </ClInclude>
    <ClInclude Include="ThirdParty\glm\ext\matrix_double2x4_precision.hpp">
      <Filter>Engine\Thirdparty\glm</Filter>
    </ClInclude>
    <ClInclude Include="ThirdParty\glm\ext\matrix_double3x2.hpp">
      <Filter>Engine\Thirdparty\glm</Filter>
    </ClInclude>
    <ClInclude Include="ThirdParty\glm\ext\matrix_double3x2_precision.hpp">
      <Filter>Engine\Thirdparty\glm</Filter>
    </ClInclude>
    <ClInclude Include="ThirdParty\glm\ext\matrix_double3x3.hpp">
      <Filter>Engine\Thirdparty\glm</Filter>
    </ClInclude>
    <ClInclude Include="ThirdParty\glm\ext\matrix_double3x3_precision.hpp">
      <Filter>Engine\Thirdparty\glm</Filter>
    </ClInclude>
    <ClInclude Include="ThirdParty\glm\ext\matrix_double3x4.hpp">
      <Filter>Engine\Thirdparty\glm</Filter>
    </ClInclude>
    <ClInclude Include="ThirdParty\glm\ext\matrix_double3x4_precision.hpp">
      <Filter>Engine\Thirdparty\glm</Filter>
    </ClInclude>
    <ClInclude Include="ThirdParty\glm\ext\matrix_double4x2.hpp">
      <Filter>Engine\Thirdparty\glm</Filter>
    </ClInclude>
    <ClInclude Include="ThirdParty\glm\ext\matrix_double4x2_precision.hpp">
      <Filter>Engine\Thirdparty\glm</Filter>
    </ClInclude>
    <ClInclude Include="ThirdParty\glm\ext\matrix_double4x3.hpp">
      <Filter>Engine\Thirdparty\glm</Filter>
    </ClInclude>
    <ClInclude Include="ThirdParty\glm\ext\matrix_double4x3_precision.hpp">
      <Filter>Engine\Thirdparty\glm</Filter>
    </ClInclude>
    <ClInclude Include="ThirdParty\glm\ext\matrix_double4x4.hpp">
      <Filter>Engine\Thirdparty\glm</Filter>
    </ClInclude>
    <ClInclude Include="ThirdParty\glm\ext\matrix_double4x4_precision.hpp">
      <Filter>Engine\Thirdparty\glm</Filter>
    </ClInclude>
    <ClInclude Include="ThirdParty\glm\ext\matrix_float2x2.hpp">
      <Filter>Engine\Thirdparty\glm</Filter>
    </ClInclude>
    <ClInclude Include="ThirdParty\glm\ext\matrix_float2x2_precision.hpp">
      <Filter>Engine\Thirdparty\glm</Filter>
    </ClInclude>
    <ClInclude Include="ThirdParty\glm\ext\matrix_float2x3.hpp">
      <Filter>Engine\Thirdparty\glm</Filter>
    </ClInclude>
    <ClInclude Include="ThirdParty\glm\ext\matrix_float2x3_precision.hpp">
      <Filter>Engine\Thirdparty\glm</Filter>
    </ClInclude>
    <ClInclude Include="ThirdParty\glm\ext\matrix_float2x4.hpp">
      <Filter>Engine\Thirdparty\glm</Filter>
    </ClInclude>
    <ClInclude Include="ThirdParty\glm\ext\matrix_float2x4_precision.hpp">
      <Filter>Engine\Thirdparty\glm</Filter>
    </ClInclude>
    <ClInclude Include="ThirdParty\glm\ext\matrix_float3x2.hpp">
      <Filter>Engine\Thirdparty\glm</Filter>
    </ClInclude>
    <ClInclude Include="ThirdParty\glm\ext\matrix_float3x2_precision.hpp">
      <Filter>Engine\Thirdparty\glm</Filter>
    </ClInclude>
    <ClInclude Include="ThirdParty\glm\ext\matrix_float3x3.hpp">
      <Filter>Engine\Thirdparty\glm</Filter>
    </ClInclude>
    <ClInclude Include="ThirdParty\glm\ext\matrix_float3x3_precision.hpp">
      <Filter>Engine\Thirdparty\glm</Filter>
    </ClInclude>
    <ClInclude Include="ThirdParty\glm\ext\matrix_float3x4.hpp">
      <Filter>Engine\Thirdparty\glm</Filter>
    </ClInclude>
    <ClInclude Include="ThirdParty\glm\ext\matrix_float3x4_precision.hpp">
      <Filter>Engine\Thirdparty\glm</Filter>
    </ClInclude>
    <ClInclude Include="ThirdParty\glm\ext\matrix_float4x2.hpp">
      <Filter>Engine\Thirdparty\glm</Filter>
    </ClInclude>
    <ClInclude Include="ThirdParty\glm\ext\matrix_float4x2_precision.hpp">
      <Filter>Engine\Thirdparty\glm</Filter>
    </ClInclude>
    <ClInclude Include="ThirdParty\glm\ext\matrix_float4x3.hpp">
      <Filter>Engine\Thirdparty\glm</Filter>
    </ClInclude>
    <ClInclude Include="ThirdParty\glm\ext\matrix_float4x3_precision.hpp">
      <Filter>Engine\Thirdparty\glm</Filter>
    </ClInclude>
    <ClInclude Include="ThirdParty\glm\ext\matrix_float4x4.hpp">
      <Filter>Engine\Thirdparty\glm</Filter>
    </ClInclude>
    <ClInclude Include="ThirdParty\glm\ext\matrix_float4x4_precision.hpp">
      <Filter>Engine\Thirdparty\glm</Filter>
    </ClInclude>
    <ClInclude Include="ThirdParty\glm\ext\matrix_int2x2.hpp">
      <Filter>Engine\Thirdparty\glm</Filter>
    </ClInclude>
    <ClInclude Include="ThirdParty\glm\ext\matrix_int2x2_sized.hpp">
      <Filter>Engine\Thirdparty\glm</Filter>
    </ClInclude>
    <ClInclude Include="ThirdParty\glm\ext\matrix_int2x3.hpp">
      <Filter>Engine\Thirdparty\glm</Filter>
    </ClInclude>
    <ClInclude Include="ThirdParty\glm\ext\matrix_int2x3_sized.hpp">
      <Filter>Engine\Thirdparty\glm</Filter>
    </ClInclude>
    <ClInclude Include="ThirdParty\glm\ext\matrix_int2x4.hpp">
      <Filter>Engine\Thirdparty\glm</Filter>
    </ClInclude>
    <ClInclude Include="ThirdParty\glm\ext\matrix_int2x4_sized.hpp">
      <Filter>Engine\Thirdparty\glm</Filter>
    </ClInclude>
    <ClInclude Include="ThirdParty\glm\ext\matrix_int3x2.hpp">
      <Filter>Engine\Thirdparty\glm</Filter>
    </ClInclude>
    <ClInclude Include="ThirdParty\glm\ext\matrix_int3x2_sized.hpp">
      <Filter>Engine\Thirdparty\glm</Filter>
    </ClInclude>
    <ClInclude Include="ThirdParty\glm\ext\matrix_int3x3.hpp">
      <Filter>Engine\Thirdparty\glm</Filter>
    </ClInclude>
    <ClInclude Include="ThirdParty\glm\ext\matrix_int3x3_sized.hpp">
      <Filter>Engine\Thirdparty\glm</Filter>
    </ClInclude>
    <ClInclude Include="ThirdParty\glm\ext\matrix_int3x4.hpp">
      <Filter>Engine\Thirdparty\glm</Filter>
    </ClInclude>
    <ClInclude Include="ThirdParty\glm\ext\matrix_int3x4_sized.hpp">
      <Filter>Engine\Thirdparty\glm</Filter>
    </ClInclude>
    <ClInclude Include="ThirdParty\glm\ext\matrix_int4x2.hpp">
      <Filter>Engine\Thirdparty\glm</Filter>
    </ClInclude>
    <ClInclude Include="ThirdParty\glm\ext\matrix_int4x2_sized.hpp">
      <Filter>Engine\Thirdparty\glm</Filter>
    </ClInclude>
    <ClInclude Include="ThirdParty\glm\ext\matrix_int4x3.hpp">
      <Filter>Engine\Thirdparty\glm</Filter>
    </ClInclude>
    <ClInclude Include="ThirdParty\glm\ext\matrix_int4x3_sized.hpp">
      <Filter>Engine\Thirdparty\glm</Filter>
    </ClInclude>
    <ClInclude Include="ThirdParty\glm\ext\matrix_int4x4.hpp">
      <Filter>Engine\Thirdparty\glm</Filter>
    </ClInclude>
    <ClInclude Include="ThirdParty\glm\ext\matrix_int4x4_sized.hpp">
      <Filter>Engine\Thirdparty\glm</Filter>
    </ClInclude>
    <ClInclude Include="ThirdParty\glm\ext\matrix_integer.hpp">
      <Filter>Engine\Thirdparty\glm</Filter>
    </ClInclude>
    <ClInclude Include="ThirdParty\glm\ext\matrix_projection.hpp">
      <Filter>Engine\Thirdparty\glm</Filter>
    </ClInclude>
    <ClInclude Include="ThirdParty\glm\ext\matrix_relational.hpp">
      <Filter>Engine\Thirdparty\glm</Filter>
    </ClInclude>
    <ClInclude Include="ThirdParty\glm\ext\matrix_transform.hpp">
      <Filter>Engine\Thirdparty\glm</Filter>
    </ClInclude>
    <ClInclude Include="ThirdParty\glm\ext\matrix_uint2x2.hpp">
      <Filter>Engine\Thirdparty\glm</Filter>
    </ClInclude>
    <ClInclude Include="ThirdParty\glm\ext\matrix_uint2x2_sized.hpp">
      <Filter>Engine\Thirdparty\glm</Filter>
    </ClInclude>
    <ClInclude Include="ThirdParty\glm\ext\matrix_uint2x3.hpp">
      <Filter>Engine\Thirdparty\glm</Filter>
    </ClInclude>
    <ClInclude Include="ThirdParty\glm\ext\matrix_uint2x3_sized.hpp">
      <Filter>Engine\Thirdparty\glm</Filter>
    </ClInclude>
    <ClInclude Include="ThirdParty\glm\ext\matrix_uint2x4.hpp">
      <Filter>Engine\Thirdparty\glm</Filter>
    </ClInclude>
    <ClInclude Include="ThirdParty\glm\ext\matrix_uint2x4_sized.hpp">
      <Filter>Engine\Thirdparty\glm</Filter>
    </ClInclude>
    <ClInclude Include="ThirdParty\glm\ext\matrix_uint3x2.hpp">
      <Filter>Engine\Thirdparty\glm</Filter>
    </ClInclude>
    <ClInclude Include="ThirdParty\glm\ext\matrix_uint3x2_sized.hpp">
      <Filter>Engine\Thirdparty\glm</Filter>
    </ClInclude>
    <ClInclude Include="ThirdParty\glm\ext\matrix_uint3x3.hpp">
      <Filter>Engine\Thirdparty\glm</Filter>
    </ClInclude>
    <ClInclude Include="ThirdParty\glm\ext\matrix_uint3x3_sized.hpp">
      <Filter>Engine\Thirdparty\glm</Filter>
    </ClInclude>
    <ClInclude Include="ThirdParty\glm\ext\matrix_uint3x4.hpp">
      <Filter>Engine\Thirdparty\glm</Filter>
    </ClInclude>
    <ClInclude Include="ThirdParty\glm\ext\matrix_uint3x4_sized.hpp">
      <Filter>Engine\Thirdparty\glm</Filter>
    </ClInclude>
    <ClInclude Include="ThirdParty\glm\ext\matrix_uint4x2.hpp">
      <Filter>Engine\Thirdparty\glm</Filter>
    </ClInclude>
    <ClInclude Include="ThirdParty\glm\ext\matrix_uint4x2_sized.hpp">
      <Filter>Engine\Thirdparty\glm</Filter>
    </ClInclude>
    <ClInclude Include="ThirdParty\glm\ext\matrix_uint4x3.hpp">
      <Filter>Engine\Thirdparty\glm</Filter>
    </ClInclude>
    <ClInclude Include="ThirdParty\glm\ext\matrix_uint4x3_sized.hpp">
      <Filter>Engine\Thirdparty\glm</Filter>
    </ClInclude>
    <ClInclude Include="ThirdParty\glm\ext\matrix_uint4x4.hpp">
      <Filter>Engine\Thirdparty\glm</Filter>
    </ClInclude>
    <ClInclude Include="ThirdParty\glm\ext\matrix_uint4x4_sized.hpp">
      <Filter>Engine\Thirdparty\glm</Filter>
    </ClInclude>
    <ClInclude Include="ThirdParty\glm\ext\quaternion_common.hpp">
      <Filter>Engine\Thirdparty\glm</Filter>
    </ClInclude>
    <ClInclude Include="ThirdParty\glm\ext\quaternion_double.hpp">
      <Filter>Engine\Thirdparty\glm</Filter>
    </ClInclude>
    <ClInclude Include="ThirdParty\glm\ext\quaternion_double_precision.hpp">
      <Filter>Engine\Thirdparty\glm</Filter>
    </ClInclude>
    <ClInclude Include="ThirdParty\glm\ext\quaternion_exponential.hpp">
      <Filter>Engine\Thirdparty\glm</Filter>
    </ClInclude>
    <ClInclude Include="ThirdParty\glm\ext\quaternion_float.hpp">
      <Filter>Engine\Thirdparty\glm</Filter>
    </ClInclude>
    <ClInclude Include="ThirdParty\glm\ext\quaternion_float_precision.hpp">
      <Filter>Engine\Thirdparty\glm</Filter>
    </ClInclude>
    <ClInclude Include="ThirdParty\glm\ext\quaternion_geometric.hpp">
      <Filter>Engine\Thirdparty\glm</Filter>
    </ClInclude>
    <ClInclude Include="ThirdParty\glm\ext\quaternion_relational.hpp">
      <Filter>Engine\Thirdparty\glm</Filter>
    </ClInclude>
    <ClInclude Include="ThirdParty\glm\ext\quaternion_transform.hpp">
      <Filter>Engine\Thirdparty\glm</Filter>
    </ClInclude>
    <ClInclude Include="ThirdParty\glm\ext\quaternion_trigonometric.hpp">
      <Filter>Engine\Thirdparty\glm</Filter>
    </ClInclude>
    <ClInclude Include="ThirdParty\glm\ext\scalar_common.hpp">
      <Filter>Engine\Thirdparty\glm</Filter>
    </ClInclude>
    <ClInclude Include="ThirdParty\glm\ext\scalar_constants.hpp">
      <Filter>Engine\Thirdparty\glm</Filter>
    </ClInclude>
    <ClInclude Include="ThirdParty\glm\ext\scalar_integer.hpp">
      <Filter>Engine\Thirdparty\glm</Filter>
    </ClInclude>
    <ClInclude Include="ThirdParty\glm\ext\scalar_int_sized.hpp">
      <Filter>Engine\Thirdparty\glm</Filter>
    </ClInclude>
    <ClInclude Include="ThirdParty\glm\ext\scalar_packing.hpp">
      <Filter>Engine\Thirdparty\glm</Filter>
    </ClInclude>
    <ClInclude Include="ThirdParty\glm\ext\scalar_reciprocal.hpp">
      <Filter>Engine\Thirdparty\glm</Filter>
    </ClInclude>
    <ClInclude Include="ThirdParty\glm\ext\scalar_relational.hpp">
      <Filter>Engine\Thirdparty\glm</Filter>
    </ClInclude>
    <ClInclude Include="ThirdParty\glm\ext\scalar_uint_sized.hpp">
      <Filter>Engine\Thirdparty\glm</Filter>
    </ClInclude>
    <ClInclude Include="ThirdParty\glm\ext\scalar_ulp.hpp">
      <Filter>Engine\Thirdparty\glm</Filter>
    </ClInclude>
    <ClInclude Include="ThirdParty\glm\ext\vector_bool1.hpp">
      <Filter>Engine\Thirdparty\glm</Filter>
    </ClInclude>
    <ClInclude Include="ThirdParty\glm\ext\vector_bool1_precision.hpp">
      <Filter>Engine\Thirdparty\glm</Filter>
    </ClInclude>
    <ClInclude Include="ThirdParty\glm\ext\vector_bool2.hpp">
      <Filter>Engine\Thirdparty\glm</Filter>
    </ClInclude>
    <ClInclude Include="ThirdParty\glm\ext\vector_bool2_precision.hpp">
      <Filter>Engine\Thirdparty\glm</Filter>
    </ClInclude>
    <ClInclude Include="ThirdParty\glm\ext\vector_bool3.hpp">
      <Filter>Engine\Thirdparty\glm</Filter>
    </ClInclude>
    <ClInclude Include="ThirdParty\glm\ext\vector_bool3_precision.hpp">
      <Filter>Engine\Thirdparty\glm</Filter>
    </ClInclude>
    <ClInclude Include="ThirdParty\glm\ext\vector_bool4.hpp">
      <Filter>Engine\Thirdparty\glm</Filter>
    </ClInclude>
    <ClInclude Include="ThirdParty\glm\ext\vector_bool4_precision.hpp">
      <Filter>Engine\Thirdparty\glm</Filter>
    </ClInclude>
    <ClInclude Include="ThirdParty\glm\ext\vector_common.hpp">
      <Filter>Engine\Thirdparty\glm</Filter>
    </ClInclude>
    <ClInclude Include="ThirdParty\glm\ext\vector_double1.hpp">
      <Filter>Engine\Thirdparty\glm</Filter>
    </ClInclude>
    <ClInclude Include="ThirdParty\glm\ext\vector_double1_precision.hpp">
      <Filter>Engine\Thirdparty\glm</Filter>
    </ClInclude>
    <ClInclude Include="ThirdParty\glm\ext\vector_double2.hpp">
      <Filter>Engine\Thirdparty\glm</Filter>
    </ClInclude>
    <ClInclude Include="ThirdParty\glm\ext\vector_double2_precision.hpp">
      <Filter>Engine\Thirdparty\glm</Filter>
    </ClInclude>
    <ClInclude Include="ThirdParty\glm\ext\vector_double3.hpp">
      <Filter>Engine\Thirdparty\glm</Filter>
    </ClInclude>
    <ClInclude Include="ThirdParty\glm\ext\vector_double3_precision.hpp">
      <Filter>Engine\Thirdparty\glm</Filter>
    </ClInclude>
    <ClInclude Include="ThirdParty\glm\ext\vector_double4.hpp">
      <Filter>Engine\Thirdparty\glm</Filter>
    </ClInclude>
    <ClInclude Include="ThirdParty\glm\ext\vector_double4_precision.hpp">
      <Filter>Engine\Thirdparty\glm</Filter>
    </ClInclude>
    <ClInclude Include="ThirdParty\glm\ext\vector_float1.hpp">
      <Filter>Engine\Thirdparty\glm</Filter>
    </ClInclude>
    <ClInclude Include="ThirdParty\glm\ext\vector_float1_precision.hpp">
      <Filter>Engine\Thirdparty\glm</Filter>
    </ClInclude>
    <ClInclude Include="ThirdParty\glm\ext\vector_float2.hpp">
      <Filter>Engine\Thirdparty\glm</Filter>
    </ClInclude>
    <ClInclude Include="ThirdParty\glm\ext\vector_float2_precision.hpp">
      <Filter>Engine\Thirdparty\glm</Filter>
    </ClInclude>
    <ClInclude Include="ThirdParty\glm\ext\vector_float3.hpp">
      <Filter>Engine\Thirdparty\glm</Filter>
    </ClInclude>
    <ClInclude Include="ThirdParty\glm\ext\vector_float3_precision.hpp">
      <Filter>Engine\Thirdparty\glm</Filter>
    </ClInclude>
    <ClInclude Include="ThirdParty\glm\ext\vector_float4.hpp">
      <Filter>Engine\Thirdparty\glm</Filter>
    </ClInclude>
    <ClInclude Include="ThirdParty\glm\ext\vector_float4_precision.hpp">
      <Filter>Engine\Thirdparty\glm</Filter>
    </ClInclude>
    <ClInclude Include="ThirdParty\glm\ext\vector_int1.hpp">
      <Filter>Engine\Thirdparty\glm</Filter>
    </ClInclude>
    <ClInclude Include="ThirdParty\glm\ext\vector_int1_sized.hpp">
      <Filter>Engine\Thirdparty\glm</Filter>
    </ClInclude>
    <ClInclude Include="ThirdParty\glm\ext\vector_int2.hpp">
      <Filter>Engine\Thirdparty\glm</Filter>
    </ClInclude>
    <ClInclude Include="ThirdParty\glm\ext\vector_int2_sized.hpp">
      <Filter>Engine\Thirdparty\glm</Filter>
    </ClInclude>
    <ClInclude Include="ThirdParty\glm\ext\vector_int3.hpp">
      <Filter>Engine\Thirdparty\glm</Filter>
    </ClInclude>
    <ClInclude Include="ThirdParty\glm\ext\vector_int3_sized.hpp">
      <Filter>Engine\Thirdparty\glm</Filter>
    </ClInclude>
    <ClInclude Include="ThirdParty\glm\ext\vector_int4.hpp">
      <Filter>Engine\Thirdparty\glm</Filter>
    </ClInclude>
    <ClInclude Include="ThirdParty\glm\ext\vector_int4_sized.hpp">
      <Filter>Engine\Thirdparty\glm</Filter>
    </ClInclude>
    <ClInclude Include="ThirdParty\glm\ext\vector_integer.hpp">
      <Filter>Engine\Thirdparty\glm</Filter>
    </ClInclude>
    <ClInclude Include="ThirdParty\glm\ext\vector_packing.hpp">
      <Filter>Engine\Thirdparty\glm</Filter>
    </ClInclude>
    <ClInclude Include="ThirdParty\glm\ext\vector_reciprocal.hpp">
      <Filter>Engine\Thirdparty\glm</Filter>
    </ClInclude>
    <ClInclude Include="ThirdParty\glm\ext\vector_relational.hpp">
      <Filter>Engine\Thirdparty\glm</Filter>
    </ClInclude>
    <ClInclude Include="ThirdParty\glm\ext\vector_uint1.hpp">
      <Filter>Engine\Thirdparty\glm</Filter>
    </ClInclude>
    <ClInclude Include="ThirdParty\glm\ext\vector_uint1_sized.hpp">
      <Filter>Engine\Thirdparty\glm</Filter>
    </ClInclude>
    <ClInclude Include="ThirdParty\glm\ext\vector_uint2.hpp">
      <Filter>Engine\Thirdparty\glm</Filter>
    </ClInclude>
    <ClInclude Include="ThirdParty\glm\ext\vector_uint2_sized.hpp">
      <Filter>Engine\Thirdparty\glm</Filter>
    </ClInclude>
    <ClInclude Include="ThirdParty\glm\ext\vector_uint3.hpp">
      <Filter>Engine\Thirdparty\glm</Filter>
    </ClInclude>
    <ClInclude Include="ThirdParty\glm\ext\vector_uint3_sized.hpp">
      <Filter>Engine\Thirdparty\glm</Filter>
    </ClInclude>
    <ClInclude Include="ThirdParty\glm\ext\vector_uint4.hpp">
      <Filter>Engine\Thirdparty\glm</Filter>
    </ClInclude>
    <ClInclude Include="ThirdParty\glm\ext\vector_uint4_sized.hpp">
      <Filter>Engine\Thirdparty\glm</Filter>
    </ClInclude>
    <ClInclude Include="ThirdParty\glm\ext\vector_ulp.hpp">
      <Filter>Engine\Thirdparty\glm</Filter>
    </ClInclude>
    <ClInclude Include="ThirdParty\glm\ext.hpp">
      <Filter>Engine\Thirdparty\glm</Filter>
    </ClInclude>
    <ClInclude Include="ThirdParty\glm\fwd.hpp">
      <Filter>Engine\Thirdparty\glm</Filter>
    </ClInclude>
    <ClInclude Include="ThirdParty\glm\geometric.hpp">
      <Filter>Engine\Thirdparty\glm</Filter>
    </ClInclude>
    <ClInclude Include="ThirdParty\glm\glm.hpp">
      <Filter>Engine\Thirdparty\glm</Filter>
    </ClInclude>
    <ClInclude Include="ThirdParty\glm\gtc\bitfield.hpp">
      <Filter>Engine\Thirdparty\glm</Filter>
    </ClInclude>
    <ClInclude Include="ThirdParty\glm\gtc\color_space.hpp">
      <Filter>Engine\Thirdparty\glm</Filter>
    </ClInclude>
    <ClInclude Include="ThirdParty\glm\gtc\constants.hpp">
      <Filter>Engine\Thirdparty\glm</Filter>
    </ClInclude>
    <ClInclude Include="ThirdParty\glm\gtc\epsilon.hpp">
      <Filter>Engine\Thirdparty\glm</Filter>
    </ClInclude>
    <ClInclude Include="ThirdParty\glm\gtc\integer.hpp">
      <Filter>Engine\Thirdparty\glm</Filter>
    </ClInclude>
    <ClInclude Include="ThirdParty\glm\gtc\matrix_access.hpp">
      <Filter>Engine\Thirdparty\glm</Filter>
    </ClInclude>
    <ClInclude Include="ThirdParty\glm\gtc\matrix_integer.hpp">
      <Filter>Engine\Thirdparty\glm</Filter>
    </ClInclude>
    <ClInclude Include="ThirdParty\glm\gtc\matrix_inverse.hpp">
      <Filter>Engine\Thirdparty\glm</Filter>
    </ClInclude>
    <ClInclude Include="ThirdParty\glm\gtc\matrix_transform.hpp">
      <Filter>Engine\Thirdparty\glm</Filter>
    </ClInclude>
    <ClInclude Include="ThirdParty\glm\gtc\noise.hpp">
      <Filter>Engine\Thirdparty\glm</Filter>
    </ClInclude>
    <ClInclude Include="ThirdParty\glm\gtc\packing.hpp">
      <Filter>Engine\Thirdparty\glm</Filter>
    </ClInclude>
    <ClInclude Include="ThirdParty\glm\gtc\quaternion.hpp">
      <Filter>Engine\Thirdparty\glm</Filter>
    </ClInclude>
    <ClInclude Include="ThirdParty\glm\gtc\random.hpp">
      <Filter>Engine\Thirdparty\glm</Filter>
    </ClInclude>
    <ClInclude Include="ThirdParty\glm\gtc\reciprocal.hpp">
      <Filter>Engine\Thirdparty\glm</Filter>
    </ClInclude>
    <ClInclude Include="ThirdParty\glm\gtc\round.hpp">
      <Filter>Engine\Thirdparty\glm</Filter>
    </ClInclude>
    <ClInclude Include="ThirdParty\glm\gtc\type_aligned.hpp">
      <Filter>Engine\Thirdparty\glm</Filter>
    </ClInclude>
    <ClInclude Include="ThirdParty\glm\gtc\type_precision.hpp">
      <Filter>Engine\Thirdparty\glm</Filter>
    </ClInclude>
    <ClInclude Include="ThirdParty\glm\gtc\type_ptr.hpp">
      <Filter>Engine\Thirdparty\glm</Filter>
    </ClInclude>
    <ClInclude Include="ThirdParty\glm\gtc\ulp.hpp">
      <Filter>Engine\Thirdparty\glm</Filter>
    </ClInclude>
    <ClInclude Include="ThirdParty\glm\gtc\vec1.hpp">
      <Filter>Engine\Thirdparty\glm</Filter>
    </ClInclude>
    <ClInclude Include="ThirdParty\glm\gtx\associated_min_max.hpp">
      <Filter>Engine\Thirdparty\glm</Filter>
    </ClInclude>
    <ClInclude Include="ThirdParty\glm\gtx\bit.hpp">
      <Filter>Engine\Thirdparty\glm</Filter>
    </ClInclude>
    <ClInclude Include="ThirdParty\glm\gtx\closest_point.hpp">
      <Filter>Engine\Thirdparty\glm</Filter>
    </ClInclude>
    <ClInclude Include="ThirdParty\glm\gtx\color_encoding.hpp">
      <Filter>Engine\Thirdparty\glm</Filter>
    </ClInclude>
    <ClInclude Include="ThirdParty\glm\gtx\color_space.hpp">
      <Filter>Engine\Thirdparty\glm</Filter>
    </ClInclude>
    <ClInclude Include="ThirdParty\glm\gtx\color_space_YCoCg.hpp">
      <Filter>Engine\Thirdparty\glm</Filter>
    </ClInclude>
    <ClInclude Include="ThirdParty\glm\gtx\common.hpp">
      <Filter>Engine\Thirdparty\glm</Filter>
    </ClInclude>
    <ClInclude Include="ThirdParty\glm\gtx\compatibility.hpp">
      <Filter>Engine\Thirdparty\glm</Filter>
    </ClInclude>
    <ClInclude Include="ThirdParty\glm\gtx\component_wise.hpp">
      <Filter>Engine\Thirdparty\glm</Filter>
    </ClInclude>
    <ClInclude Include="ThirdParty\glm\gtx\dual_quaternion.hpp">
      <Filter>Engine\Thirdparty\glm</Filter>
    </ClInclude>
    <ClInclude Include="ThirdParty\glm\gtx\easing.hpp">
      <Filter>Engine\Thirdparty\glm</Filter>
    </ClInclude>
    <ClInclude Include="ThirdParty\glm\gtx\euler_angles.hpp">
      <Filter>Engine\Thirdparty\glm</Filter>
    </ClInclude>
    <ClInclude Include="ThirdParty\glm\gtx\extend.hpp">
      <Filter>Engine\Thirdparty\glm</Filter>
    </ClInclude>
    <ClInclude Include="ThirdParty\glm\gtx\extended_min_max.hpp">
      <Filter>Engine\Thirdparty\glm</Filter>
    </ClInclude>
    <ClInclude Include="ThirdParty\glm\gtx\exterior_product.hpp">
      <Filter>Engine\Thirdparty\glm</Filter>
    </ClInclude>
    <ClInclude Include="ThirdParty\glm\gtx\fast_exponential.hpp">
      <Filter>Engine\Thirdparty\glm</Filter>
    </ClInclude>
    <ClInclude Include="ThirdParty\glm\gtx\fast_square_root.hpp">
      <Filter>Engine\Thirdparty\glm</Filter>
    </ClInclude>
    <ClInclude Include="ThirdParty\glm\gtx\fast_trigonometry.hpp">
      <Filter>Engine\Thirdparty\glm</Filter>
    </ClInclude>
    <ClInclude Include="ThirdParty\glm\gtx\functions.hpp">
      <Filter>Engine\Thirdparty\glm</Filter>
    </ClInclude>
    <ClInclude Include="ThirdParty\glm\gtx\gradient_paint.hpp">
      <Filter>Engine\Thirdparty\glm</Filter>
    </ClInclude>
    <ClInclude Include="ThirdParty\glm\gtx\handed_coordinate_space.hpp">
      <Filter>Engine\Thirdparty\glm</Filter>
    </ClInclude>
    <ClInclude Include="ThirdParty\glm\gtx\hash.hpp">
      <Filter>Engine\Thirdparty\glm</Filter>
    </ClInclude>
    <ClInclude Include="ThirdParty\glm\gtx\integer.hpp">
      <Filter>Engine\Thirdparty\glm</Filter>
    </ClInclude>
    <ClInclude Include="ThirdParty\glm\gtx\intersect.hpp">
      <Filter>Engine\Thirdparty\glm</Filter>
    </ClInclude>
    <ClInclude Include="ThirdParty\glm\gtx\io.hpp">
      <Filter>Engine\Thirdparty\glm</Filter>
    </ClInclude>
    <ClInclude Include="ThirdParty\glm\gtx\log_base.hpp">
      <Filter>Engine\Thirdparty\glm</Filter>
    </ClInclude>
    <ClInclude Include="ThirdParty\glm\gtx\matrix_cross_product.hpp">
      <Filter>Engine\Thirdparty\glm</Filter>
    </ClInclude>
    <ClInclude Include="ThirdParty\glm\gtx\matrix_decompose.hpp">
      <Filter>Engine\Thirdparty\glm</Filter>
    </ClInclude>
    <ClInclude Include="ThirdParty\glm\gtx\matrix_factorisation.hpp">
      <Filter>Engine\Thirdparty\glm</Filter>
    </ClInclude>
    <ClInclude Include="ThirdParty\glm\gtx\matrix_interpolation.hpp">
      <Filter>Engine\Thirdparty\glm</Filter>
    </ClInclude>
    <ClInclude Include="ThirdParty\glm\gtx\matrix_major_storage.hpp">
      <Filter>Engine\Thirdparty\glm</Filter>
    </ClInclude>
    <ClInclude Include="ThirdParty\glm\gtx\matrix_operation.hpp">
      <Filter>Engine\Thirdparty\glm</Filter>
    </ClInclude>
    <ClInclude Include="ThirdParty\glm\gtx\matrix_query.hpp">
      <Filter>Engine\Thirdparty\glm</Filter>
    </ClInclude>
    <ClInclude Include="ThirdParty\glm\gtx\matrix_transform_2d.hpp">
      <Filter>Engine\Thirdparty\glm</Filter>
    </ClInclude>
    <ClInclude Include="ThirdParty\glm\gtx\mixed_product.hpp">
      <Filter>Engine\Thirdparty\glm</Filter>
    </ClInclude>
    <ClInclude Include="ThirdParty\glm\gtx\norm.hpp">
      <Filter>Engine\Thirdparty\glm</Filter>
    </ClInclude>
    <ClInclude Include="ThirdParty\glm\gtx\normal.hpp">
      <Filter>Engine\Thirdparty\glm</Filter>
    </ClInclude>
    <ClInclude Include="ThirdParty\glm\gtx\normalize_dot.hpp">
      <Filter>Engine\Thirdparty\glm</Filter>
    </ClInclude>
    <ClInclude Include="ThirdParty\glm\gtx\number_precision.hpp">
      <Filter>Engine\Thirdparty\glm</Filter>
    </ClInclude>
    <ClInclude Include="ThirdParty\glm\gtx\optimum_pow.hpp">
      <Filter>Engine\Thirdparty\glm</Filter>
    </ClInclude>
    <ClInclude Include="ThirdParty\glm\gtx\orthonormalize.hpp">
      <Filter>Engine\Thirdparty\glm</Filter>
    </ClInclude>
    <ClInclude Include="ThirdParty\glm\gtx\pca.hpp">
      <Filter>Engine\Thirdparty\glm</Filter>
    </ClInclude>
    <ClInclude Include="ThirdParty\glm\gtx\perpendicular.hpp">
      <Filter>Engine\Thirdparty\glm</Filter>
    </ClInclude>
    <ClInclude Include="ThirdParty\glm\gtx\polar_coordinates.hpp">
      <Filter>Engine\Thirdparty\glm</Filter>
    </ClInclude>
    <ClInclude Include="ThirdParty\glm\gtx\projection.hpp">
      <Filter>Engine\Thirdparty\glm</Filter>
    </ClInclude>
    <ClInclude Include="ThirdParty\glm\gtx\quaternion.hpp">
      <Filter>Engine\Thirdparty\glm</Filter>
    </ClInclude>
    <ClInclude Include="ThirdParty\glm\gtx\range.hpp">
      <Filter>Engine\Thirdparty\glm</Filter>
    </ClInclude>
    <ClInclude Include="ThirdParty\glm\gtx\raw_data.hpp">
      <Filter>Engine\Thirdparty\glm</Filter>
    </ClInclude>
    <ClInclude Include="ThirdParty\glm\gtx\rotate_normalized_axis.hpp">
      <Filter>Engine\Thirdparty\glm</Filter>
    </ClInclude>
    <ClInclude Include="ThirdParty\glm\gtx\rotate_vector.hpp">
      <Filter>Engine\Thirdparty\glm</Filter>
    </ClInclude>
    <ClInclude Include="ThirdParty\glm\gtx\scalar_multiplication.hpp">
      <Filter>Engine\Thirdparty\glm</Filter>
    </ClInclude>
    <ClInclude Include="ThirdParty\glm\gtx\scalar_relational.hpp">
      <Filter>Engine\Thirdparty\glm</Filter>
    </ClInclude>
    <ClInclude Include="ThirdParty\glm\gtx\spline.hpp">
      <Filter>Engine\Thirdparty\glm</Filter>
    </ClInclude>
    <ClInclude Include="ThirdParty\glm\gtx\std_based_type.hpp">
      <Filter>Engine\Thirdparty\glm</Filter>
    </ClInclude>
    <ClInclude Include="ThirdParty\glm\gtx\string_cast.hpp">
      <Filter>Engine\Thirdparty\glm</Filter>
    </ClInclude>
    <ClInclude Include="ThirdParty\glm\gtx\texture.hpp">
      <Filter>Engine\Thirdparty\glm</Filter>
    </ClInclude>
    <ClInclude Include="ThirdParty\glm\gtx\transform.hpp">
      <Filter>Engine\Thirdparty\glm</Filter>
    </ClInclude>
    <ClInclude Include="ThirdParty\glm\gtx\transform2.hpp">
      <Filter>Engine\Thirdparty\glm</Filter>
    </ClInclude>
    <ClInclude Include="ThirdParty\glm\gtx\type_aligned.hpp">
      <Filter>Engine\Thirdparty\glm</Filter>
    </ClInclude>
    <ClInclude Include="ThirdParty\glm\gtx\type_trait.hpp">
      <Filter>Engine\Thirdparty\glm</Filter>
    </ClInclude>
    <ClInclude Include="ThirdParty\glm\gtx\vector_angle.hpp">
      <Filter>Engine\Thirdparty\glm</Filter>
    </ClInclude>
    <ClInclude Include="ThirdParty\glm\gtx\vector_query.hpp">
      <Filter>Engine\Thirdparty\glm</Filter>
    </ClInclude>
    <ClInclude Include="ThirdParty\glm\gtx\vec_swizzle.hpp">
      <Filter>Engine\Thirdparty\glm</Filter>
    </ClInclude>
    <ClInclude Include="ThirdParty\glm\gtx\wrap.hpp">
      <Filter>Engine\Thirdparty\glm</Filter>
    </ClInclude>
    <ClInclude Include="ThirdParty\glm\integer.hpp">
      <Filter>Engine\Thirdparty\glm</Filter>
    </ClInclude>
    <ClInclude Include="ThirdParty\glm\mat2x2.hpp">
      <Filter>Engine\Thirdparty\glm</Filter>
    </ClInclude>
    <ClInclude Include="ThirdParty\glm\mat2x3.hpp">
      <Filter>Engine\Thirdparty\glm</Filter>
    </ClInclude>
    <ClInclude Include="ThirdParty\glm\mat2x4.hpp">
      <Filter>Engine\Thirdparty\glm</Filter>
    </ClInclude>
    <ClInclude Include="ThirdParty\glm\mat3x2.hpp">
      <Filter>Engine\Thirdparty\glm</Filter>
    </ClInclude>
    <ClInclude Include="ThirdParty\glm\mat3x3.hpp">
      <Filter>Engine\Thirdparty\glm</Filter>
    </ClInclude>
    <ClInclude Include="ThirdParty\glm\mat3x4.hpp">
      <Filter>Engine\Thirdparty\glm</Filter>
    </ClInclude>
    <ClInclude Include="ThirdParty\glm\mat4x2.hpp">
      <Filter>Engine\Thirdparty\glm</Filter>
    </ClInclude>
    <ClInclude Include="ThirdParty\glm\mat4x3.hpp">
      <Filter>Engine\Thirdparty\glm</Filter>
    </ClInclude>
    <ClInclude Include="ThirdParty\glm\mat4x4.hpp">
      <Filter>Engine\Thirdparty\glm</Filter>
    </ClInclude>
    <ClInclude Include="ThirdParty\glm\matrix.hpp">
      <Filter>Engine\Thirdparty\glm</Filter>
    </ClInclude>
    <ClInclude Include="ThirdParty\glm\packing.hpp">
      <Filter>Engine\Thirdparty\glm</Filter>
    </ClInclude>
    <ClInclude Include="ThirdParty\glm\simd\common.h">
      <Filter>Engine\Thirdparty\glm</Filter>
    </ClInclude>
    <ClInclude Include="ThirdParty\glm\simd\exponential.h">
      <Filter>Engine\Thirdparty\glm</Filter>
    </ClInclude>
    <ClInclude Include="ThirdParty\glm\simd\geometric.h">
      <Filter>Engine\Thirdparty\glm</Filter>
    </ClInclude>
    <ClInclude Include="ThirdParty\glm\simd\integer.h">
      <Filter>Engine\Thirdparty\glm</Filter>
    </ClInclude>
    <ClInclude Include="ThirdParty\glm\simd\matrix.h">
      <Filter>Engine\Thirdparty\glm</Filter>
    </ClInclude>
    <ClInclude Include="ThirdParty\glm\simd\neon.h">
      <Filter>Engine\Thirdparty\glm</Filter>
    </ClInclude>
    <ClInclude Include="ThirdParty\glm\simd\packing.h">
      <Filter>Engine\Thirdparty\glm</Filter>
    </ClInclude>
    <ClInclude Include="ThirdParty\glm\simd\platform.h">
      <Filter>Engine\Thirdparty\glm</Filter>
    </ClInclude>
    <ClInclude Include="ThirdParty\glm\simd\trigonometric.h">
      <Filter>Engine\Thirdparty\glm</Filter>
    </ClInclude>
    <ClInclude Include="ThirdParty\glm\simd\vector_relational.h">
      <Filter>Engine\Thirdparty\glm</Filter>
    </ClInclude>
    <ClInclude Include="ThirdParty\glm\trigonometric.hpp">
      <Filter>Engine\Thirdparty\glm</Filter>
    </ClInclude>
    <ClInclude Include="ThirdParty\glm\vec2.hpp">
      <Filter>Engine\Thirdparty\glm</Filter>
    </ClInclude>
    <ClInclude Include="ThirdParty\glm\vec3.hpp">
      <Filter>Engine\Thirdparty\glm</Filter>
    </ClInclude>
    <ClInclude Include="ThirdParty\glm\vec4.hpp">
      <Filter>Engine\Thirdparty\glm</Filter>
    </ClInclude>
    <ClInclude Include="ThirdParty\glm\vector_relational.hpp">
      <Filter>Engine\Thirdparty\glm</Filter>
    </ClInclude>
    <ClInclude Include="Core\GUI\GUI.h">
      <Filter>Engine\Core\Renderer\GUI</Filter>
    </ClInclude>
    <ClInclude Include="ThirdParty\imgui\imconfig.h">
      <Filter>Engine\Thirdparty\imgui</Filter>
    </ClInclude>
    <ClInclude Include="ThirdParty\imgui\imgui.h">
      <Filter>Engine\Thirdparty\imgui</Filter>
    </ClInclude>
    <ClInclude Include="ThirdParty\imgui\imgui_internal.h">
      <Filter>Engine\Thirdparty\imgui</Filter>
    </ClInclude>
    <ClInclude Include="ThirdParty\imgui\imstb_rectpack.h">
      <Filter>Engine\Thirdparty\imgui</Filter>
    </ClInclude>
    <ClInclude Include="ThirdParty\imgui\imstb_textedit.h">
      <Filter>Engine\Thirdparty\imgui</Filter>
    </ClInclude>
    <ClInclude Include="ThirdParty\imgui\imstb_truetype.h">
      <Filter>Engine\Thirdparty\imgui</Filter>
    </ClInclude>
    <ClInclude Include="ThirdParty\imgui\imgui_impl_glfw.h">
      <Filter>Engine\Thirdparty\imgui</Filter>
    </ClInclude>
    <ClInclude Include="ThirdParty\imgui\imgui_impl_opengl3.h">
      <Filter>Engine\Thirdparty\imgui</Filter>
    </ClInclude>
    <ClInclude Include="ThirdParty\imgui\imgui_impl_opengl3_loader.h">
      <Filter>Engine\Thirdparty\imgui</Filter>
    </ClInclude>
    <ClInclude Include="Core\Tool\Tool.h">
      <Filter>Engine\Utility</Filter>
    </ClInclude>
    <ClInclude Include="Core\Profiler.h">
      <Filter>Engine\Core</Filter>
    </ClInclude>
    <ClInclude Include="Core\Data\Image.h">
      <Filter>Engine\Core\Data</Filter>
    </ClInclude>
    <ClInclude Include="ThirdParty\GLFW\glfw3.h">
      <Filter>Engine\Thirdparty\glfw</Filter>
    </ClInclude>
    <ClInclude Include="ThirdParty\GLFW\glfw3native.h">
      <Filter>Engine\Thirdparty\glfw</Filter>
    </ClInclude>
    <ClInclude Include="Platform\OpenGL\GLHead.h">
      <Filter>Engine\Header</Filter>
    </ClInclude>
    <ClInclude Include="Tiny.h">
      <Filter>Engine</Filter>
    </ClInclude>
    <ClInclude Include="Core\Renderer\Texture.h">
      <Filter>Engine\Core\Renderer\Object</Filter>
    </ClInclude>
    <ClInclude Include="Core\Component\MeshRenderer.h">
      <Filter>Engine\Core\Renderer\Object</Filter>
    </ClInclude>
    <ClInclude Include="Core\Manager\VertexBufferManager.h">
      <Filter>Engine\Core\Renderer\Command</Filter>
    </ClInclude>
    <ClInclude Include="Core\Shader\ShaderParam.h">
      <Filter>Engine\Core\Shader</Filter>
    </ClInclude>
    <ClInclude Include="Core\GUI\GUIWidget.h">
      <Filter>Engine\Core\Renderer\GUI</Filter>
    </ClInclude>
    <ClInclude Include="Core\Head\ImGuiHead.h">
      <Filter>Engine\Header</Filter>
    </ClInclude>
    <ClInclude Include="Core\Component\Transform.h">
      <Filter>Engine\Core\Transform</Filter>
    </ClInclude>
    <ClInclude Include="Core\Manager\SceneManager.h">
      <Filter>Engine\Core\Scene</Filter>
    </ClInclude>
    <ClInclude Include="Core\Scene\Scene.h">
      <Filter>Engine\Core\Scene</Filter>
    </ClInclude>
    <ClInclude Include="Core\Input\InputSystem.h">
      <Filter>Engine\Core\Input</Filter>
    </ClInclude>
    <ClInclude Include="Core\Input\Inputer.h">
      <Filter>Engine\Core\Input</Filter>
    </ClInclude>
    <ClInclude Include="Core\Component\GameObject.h">
      <Filter>Engine\Core\Scene\GameObject</Filter>
    </ClInclude>
    <ClInclude Include="Core\Manager\CameraManager.h">
      <Filter>Engine\Core\Scene\Camera</Filter>
    </ClInclude>
    <ClInclude Include="Core\Component\Camera.h">
      <Filter>Engine\Core\Scene\Camera</Filter>
    </ClInclude>
    <ClInclude Include="Core\Manager\LightManager.h">
      <Filter>Engine\Core\Renderer\Object\Light</Filter>
    </ClInclude>
    <ClInclude Include="Core\Component\Light.h">
      <Filter>Engine\Core\Renderer\Object\Light</Filter>
    </ClInclude>
    <ClInclude Include="Core\EngineIniter.h">
      <Filter>Engine\Core\Data</Filter>
    </ClInclude>
    <ClInclude Include="Core\Renderer\LayerMask.h">
      <Filter>Engine\Core\Scene\GameObject</Filter>
    </ClInclude>
    <ClInclude Include="Core\Component\Component.h">
      <Filter>Engine\Core\Scene\GameObject</Filter>
    </ClInclude>
    <ClInclude Include="Core\Head\CppHead.h">
      <Filter>Engine\Header</Filter>
    </ClInclude>
    <ClInclude Include="Core\Head\GLMHead.h">
      <Filter>Engine\Header</Filter>
    </ClInclude>
    <ClInclude Include="Core\Data\Material.h">
      <Filter>Engine\Core\Data</Filter>
    </ClInclude>
    <ClInclude Include="Core\Shader\ShaderPackage.h" />
    <ClInclude Include="Core\Head\ConfigHead.h" />
    <ClInclude Include="Core\Tool\Bitmask.h" />
    <ClInclude Include="Platform\OpenGL\WindowsEngine.h" />
    <ClInclude Include="Platform\OpenGL\GLGraphics.h" />
    <ClInclude Include="Core\Renderer\BaseGraphics.h" />
    <ClInclude Include="Core\Renderer\VertexBuffer.h" />
    <ClInclude Include="Core\Layer\Layer.h" />
    <ClInclude Include="Core\Renderer\RenderLayer.h" />
    <ClInclude Include="Core\Head\RenderConfig.h" />
    <ClInclude Include="Core\Tool\IDString.h" />
    <ClInclude Include="Core\Shader\Uniform.h" />
    <ClInclude Include="Core\Tool\Any.h" />
    <ClInclude Include="Core\Manager\TextureManager.h" />
    <ClInclude Include="Core\Tool\StringTool.h" />
    <ClInclude Include="Core\Tool\IDGenerator.h" />
    <ClInclude Include="Core\Tool\Event.h" />
    <ClInclude Include="Core\Tool\Singleton.h" />
    <ClInclude Include="Core\Tool\DelegateCreator.h" />
    <ClInclude Include="Core\Layer\LightLayer.h" />
    <ClInclude Include="Core\Tool\Collision\OBB.h" />
    <ClInclude Include="Core\Tool\Collision\FrustumCulling.h" />
    <ClInclude Include="Core\Renderer\RenderObjectTag.h" />
    <ClInclude Include="Core\Base\TinyObject.h" />
    <ClInclude Include="Core\Component\Skybox.h" />
    <ClInclude Include="Core\Renderer\FrameBuffer.h" />
    <ClInclude Include="Core\Manager\FrameBufferManager.h" />
    <ClInclude Include="Core\Manager\Manager.h" />
    <ClInclude Include="Core\Tool\FileTool.h" />
    <ClInclude Include="Core\Component\FlyController.h" />
    <ClInclude Include="Core\Tool\Log.h" />
    <ClInclude Include="Core\Event\EngineEvent.h" />
    <ClInclude Include="Core\Renderer\VertexConfig.h" />
    <ClInclude Include="Core\Base\TinyRefObject.h" />
    <ClInclude Include="Core\Base\TinyGC.h" />
    <ClInclude Include="Core\Head\TinyCpp.h" />
    <ClInclude Include="Core\Renderer\RenderAgent.h" />
    <ClInclude Include="Core\Base\TinyGCInfo.h" />
    <ClInclude Include="Core\Component\ShadowCaster.h" />
    <ClInclude Include="Core\Manager\ShadowCasterManager.h" />
    <ClInclude Include="Core\Tool\Collision\BoundingBox.h" />
    <ClInclude Include="Core\Tool\Octree\Octree.h" />
    <ClInclude Include="Core\Component\OctreeAgent.h" />
    <ClInclude Include="Core\Tool\Octree\OctreeAgentList.h" />
    <ClInclude Include="Core\Tool\Octree\OctreeConfig.h" />
    <ClInclude Include="Core\Tool\Octree\OctreeNode.h" />
    <ClInclude Include="Core\Manager\EnvironmentLightManager.h" />
    <ClInclude Include="ThirdParty\assimp\Compiler\poppack1.h" />
    <ClInclude Include="ThirdParty\assimp\Compiler\pstdint.h" />
    <ClInclude Include="ThirdParty\assimp\Compiler\pushpack1.h" />
    <ClInclude Include="ThirdParty\assimp\port\AndroidJNI\AndroidJNIIOSystem.h" />
    <ClInclude Include="ThirdParty\assimp\port\AndroidJNI\BundledAssetIOSystem.h" />
    <ClInclude Include="ThirdParty\assimp\aabb.h" />
    <ClInclude Include="ThirdParty\assimp\ai_assert.h" />
    <ClInclude Include="ThirdParty\assimp\anim.h" />
    <ClInclude Include="ThirdParty\assimp\Base64.hpp" />
    <ClInclude Include="ThirdParty\assimp\BaseImporter.h" />
    <ClInclude Include="ThirdParty\assimp\Bitmap.h" />
    <ClInclude Include="ThirdParty\assimp\BlobIOSystem.h" />
    <ClInclude Include="ThirdParty\assimp\ByteSwapper.h" />
    <ClInclude Include="ThirdParty\assimp\camera.h" />
    <ClInclude Include="ThirdParty\assimp\cexport.h" />
    <ClInclude Include="ThirdParty\assimp\cfileio.h" />
    <ClInclude Include="ThirdParty\assimp\cimport.h" />
    <ClInclude Include="ThirdParty\assimp\ColladaMetaData.h" />
    <ClInclude Include="ThirdParty\assimp\color4.h" />
    <ClInclude Include="ThirdParty\assimp\commonMetaData.h" />
    <ClInclude Include="ThirdParty\assimp\config.h" />
    <ClInclude Include="ThirdParty\assimp\CreateAnimMesh.h" />
    <ClInclude Include="ThirdParty\assimp\DefaultIOStream.h" />
    <ClInclude Include="ThirdParty\assimp\DefaultIOSystem.h" />
    <ClInclude Include="ThirdParty\assimp\DefaultLogger.hpp" />
    <ClInclude Include="ThirdParty\assimp\defs.h" />
    <ClInclude Include="ThirdParty\assimp\Exceptional.h" />
    <ClInclude Include="ThirdParty\assimp\Exporter.hpp" />
    <ClInclude Include="ThirdParty\assimp\fast_atof.h" />
    <ClInclude Include="ThirdParty\assimp\GenericProperty.h" />
    <ClInclude Include="ThirdParty\assimp\GltfMaterial.h" />
    <ClInclude Include="ThirdParty\assimp\Hash.h" />
    <ClInclude Include="ThirdParty\assimp\Importer.hpp" />
    <ClInclude Include="ThirdParty\assimp\importerdesc.h" />
    <ClInclude Include="ThirdParty\assimp\IOStream.hpp" />
    <ClInclude Include="ThirdParty\assimp\IOStreamBuffer.h" />
    <ClInclude Include="ThirdParty\assimp\IOSystem.hpp" />
    <ClInclude Include="ThirdParty\assimp\light.h" />
    <ClInclude Include="ThirdParty\assimp\LineSplitter.h" />
    <ClInclude Include="ThirdParty\assimp\LogAux.h" />
    <ClInclude Include="ThirdParty\assimp\Logger.hpp" />
    <ClInclude Include="ThirdParty\assimp\LogStream.hpp" />
    <ClInclude Include="ThirdParty\assimp\material.h" />
    <ClInclude Include="ThirdParty\assimp\MathFunctions.h" />
    <ClInclude Include="ThirdParty\assimp\matrix3x3.h" />
    <ClInclude Include="ThirdParty\assimp\matrix4x4.h" />
    <ClInclude Include="ThirdParty\assimp\MemoryIOWrapper.h" />
    <ClInclude Include="ThirdParty\assimp\mesh.h" />
    <ClInclude Include="ThirdParty\assimp\metadata.h" />
    <ClInclude Include="ThirdParty\assimp\NullLogger.hpp" />
    <ClInclude Include="ThirdParty\assimp\ObjMaterial.h" />
    <ClInclude Include="ThirdParty\assimp\ParsingUtils.h" />
    <ClInclude Include="ThirdParty\assimp\pbrmaterial.h" />
    <ClInclude Include="ThirdParty\assimp\postprocess.h" />
    <ClInclude Include="ThirdParty\assimp\Profiler.h" />
    <ClInclude Include="ThirdParty\assimp\ProgressHandler.hpp" />
    <ClInclude Include="ThirdParty\assimp\qnan.h" />
    <ClInclude Include="ThirdParty\assimp\quaternion.h" />
    <ClInclude Include="ThirdParty\assimp\RemoveComments.h" />
    <ClInclude Include="ThirdParty\assimp\scene.h" />
    <ClInclude Include="ThirdParty\assimp\SceneCombiner.h" />
    <ClInclude Include="ThirdParty\assimp\SGSpatialSort.h" />
    <ClInclude Include="ThirdParty\assimp\SkeletonMeshBuilder.h" />
    <ClInclude Include="ThirdParty\assimp\SmallVector.h" />
    <ClInclude Include="ThirdParty\assimp\SmoothingGroups.h" />
    <ClInclude Include="ThirdParty\assimp\SpatialSort.h" />
    <ClInclude Include="ThirdParty\assimp\StandardShapes.h" />
    <ClInclude Include="ThirdParty\assimp\StreamReader.h" />
    <ClInclude Include="ThirdParty\assimp\StreamWriter.h" />
    <ClInclude Include="ThirdParty\assimp\StringComparison.h" />
    <ClInclude Include="ThirdParty\assimp\StringUtils.h" />
    <ClInclude Include="ThirdParty\assimp\Subdivision.h" />
    <ClInclude Include="ThirdParty\assimp\texture.h" />
    <ClInclude Include="ThirdParty\assimp\TinyFormatter.h" />
    <ClInclude Include="ThirdParty\assimp\types.h" />
    <ClInclude Include="ThirdParty\assimp\vector2.h" />
    <ClInclude Include="ThirdParty\assimp\vector3.h" />
    <ClInclude Include="ThirdParty\assimp\version.h" />
    <ClInclude Include="ThirdParty\assimp\Vertex.h" />
    <ClInclude Include="ThirdParty\assimp\XmlParser.h" />
    <ClInclude Include="ThirdParty\assimp\XMLTools.h" />
    <ClInclude Include="ThirdParty\assimp\ZipArchiveIOSystem.h" />
    <ClInclude Include="Core\Manager\ModelManager.h" />
    <ClInclude Include="ThirdParty\imgui\TextEditor\TextEditor.h" />
    <ClInclude Include="Core\Data\Resource.h" />
    <ClInclude Include="ThirdParty\Hash\city.h" />
    <ClInclude Include="Core\Renderer\BuildCommand.h" />
    <ClInclude Include="Platform\OpenGL\GLBuildCommand.h" />
    <ClInclude Include="Platform\OpenGL\GLRenderCommand.h" />
    <ClInclude Include="Core\Data\Text.h" />
  </ItemGroup>
  <ItemGroup>
    <None Include="ThirdParty\glm\detail\func_common.inl">
      <Filter>Engine\Thirdparty\glm</Filter>
    </None>
    <None Include="ThirdParty\glm\detail\func_common_simd.inl">
      <Filter>Engine\Thirdparty\glm</Filter>
    </None>
    <None Include="ThirdParty\glm\detail\func_exponential.inl">
      <Filter>Engine\Thirdparty\glm</Filter>
    </None>
    <None Include="ThirdParty\glm\detail\func_exponential_simd.inl">
      <Filter>Engine\Thirdparty\glm</Filter>
    </None>
    <None Include="ThirdParty\glm\detail\func_geometric.inl">
      <Filter>Engine\Thirdparty\glm</Filter>
    </None>
    <None Include="ThirdParty\glm\detail\func_geometric_simd.inl">
      <Filter>Engine\Thirdparty\glm</Filter>
    </None>
    <None Include="ThirdParty\glm\detail\func_integer.inl">
      <Filter>Engine\Thirdparty\glm</Filter>
    </None>
    <None Include="ThirdParty\glm\detail\func_integer_simd.inl">
      <Filter>Engine\Thirdparty\glm</Filter>
    </None>
    <None Include="ThirdParty\glm\detail\func_matrix.inl">
      <Filter>Engine\Thirdparty\glm</Filter>
    </None>
    <None Include="ThirdParty\glm\detail\func_matrix_simd.inl">
      <Filter>Engine\Thirdparty\glm</Filter>
    </None>
    <None Include="ThirdParty\glm\detail\func_packing.inl">
      <Filter>Engine\Thirdparty\glm</Filter>
    </None>
    <None Include="ThirdParty\glm\detail\func_packing_simd.inl">
      <Filter>Engine\Thirdparty\glm</Filter>
    </None>
    <None Include="ThirdParty\glm\detail\func_trigonometric.inl">
      <Filter>Engine\Thirdparty\glm</Filter>
    </None>
    <None Include="ThirdParty\glm\detail\func_trigonometric_simd.inl">
      <Filter>Engine\Thirdparty\glm</Filter>
    </None>
    <None Include="ThirdParty\glm\detail\func_vector_relational.inl">
      <Filter>Engine\Thirdparty\glm</Filter>
    </None>
    <None Include="ThirdParty\glm\detail\func_vector_relational_simd.inl">
      <Filter>Engine\Thirdparty\glm</Filter>
    </None>
    <None Include="ThirdParty\glm\detail\type_half.inl">
      <Filter>Engine\Thirdparty\glm</Filter>
    </None>
    <None Include="ThirdParty\glm\detail\type_mat2x2.inl">
      <Filter>Engine\Thirdparty\glm</Filter>
    </None>
    <None Include="ThirdParty\glm\detail\type_mat2x3.inl">
      <Filter>Engine\Thirdparty\glm</Filter>
    </None>
    <None Include="ThirdParty\glm\detail\type_mat2x4.inl">
      <Filter>Engine\Thirdparty\glm</Filter>
    </None>
    <None Include="ThirdParty\glm\detail\type_mat3x2.inl">
      <Filter>Engine\Thirdparty\glm</Filter>
    </None>
    <None Include="ThirdParty\glm\detail\type_mat3x3.inl">
      <Filter>Engine\Thirdparty\glm</Filter>
    </None>
    <None Include="ThirdParty\glm\detail\type_mat3x4.inl">
      <Filter>Engine\Thirdparty\glm</Filter>
    </None>
    <None Include="ThirdParty\glm\detail\type_mat4x2.inl">
      <Filter>Engine\Thirdparty\glm</Filter>
    </None>
    <None Include="ThirdParty\glm\detail\type_mat4x3.inl">
      <Filter>Engine\Thirdparty\glm</Filter>
    </None>
    <None Include="ThirdParty\glm\detail\type_mat4x4.inl">
      <Filter>Engine\Thirdparty\glm</Filter>
    </None>
    <None Include="ThirdParty\glm\detail\type_mat4x4_simd.inl">
      <Filter>Engine\Thirdparty\glm</Filter>
    </None>
    <None Include="ThirdParty\glm\detail\type_quat.inl">
      <Filter>Engine\Thirdparty\glm</Filter>
    </None>
    <None Include="ThirdParty\glm\detail\type_quat_simd.inl">
      <Filter>Engine\Thirdparty\glm</Filter>
    </None>
    <None Include="ThirdParty\glm\detail\type_vec1.inl">
      <Filter>Engine\Thirdparty\glm</Filter>
    </None>
    <None Include="ThirdParty\glm\detail\type_vec2.inl">
      <Filter>Engine\Thirdparty\glm</Filter>
    </None>
    <None Include="ThirdParty\glm\detail\type_vec3.inl">
      <Filter>Engine\Thirdparty\glm</Filter>
    </None>
    <None Include="ThirdParty\glm\detail\type_vec4.inl">
      <Filter>Engine\Thirdparty\glm</Filter>
    </None>
    <None Include="ThirdParty\glm\detail\type_vec4_simd.inl">
      <Filter>Engine\Thirdparty\glm</Filter>
    </None>
    <None Include="ThirdParty\glm\ext\matrix_clip_space.inl">
      <Filter>Engine\Thirdparty\glm</Filter>
    </None>
    <None Include="ThirdParty\glm\ext\matrix_common.inl">
      <Filter>Engine\Thirdparty\glm</Filter>
    </None>
    <None Include="ThirdParty\glm\ext\matrix_integer.inl">
      <Filter>Engine\Thirdparty\glm</Filter>
    </None>
    <None Include="ThirdParty\glm\ext\matrix_projection.inl">
      <Filter>Engine\Thirdparty\glm</Filter>
    </None>
    <None Include="ThirdParty\glm\ext\matrix_relational.inl">
      <Filter>Engine\Thirdparty\glm</Filter>
    </None>
    <None Include="ThirdParty\glm\ext\matrix_transform.inl">
      <Filter>Engine\Thirdparty\glm</Filter>
    </None>
    <None Include="ThirdParty\glm\ext\quaternion_common.inl">
      <Filter>Engine\Thirdparty\glm</Filter>
    </None>
    <None Include="ThirdParty\glm\ext\quaternion_common_simd.inl">
      <Filter>Engine\Thirdparty\glm</Filter>
    </None>
    <None Include="ThirdParty\glm\ext\quaternion_exponential.inl">
      <Filter>Engine\Thirdparty\glm</Filter>
    </None>
    <None Include="ThirdParty\glm\ext\quaternion_geometric.inl">
      <Filter>Engine\Thirdparty\glm</Filter>
    </None>
    <None Include="ThirdParty\glm\ext\quaternion_relational.inl">
      <Filter>Engine\Thirdparty\glm</Filter>
    </None>
    <None Include="ThirdParty\glm\ext\quaternion_transform.inl">
      <Filter>Engine\Thirdparty\glm</Filter>
    </None>
    <None Include="ThirdParty\glm\ext\quaternion_trigonometric.inl">
      <Filter>Engine\Thirdparty\glm</Filter>
    </None>
    <None Include="ThirdParty\glm\ext\scalar_common.inl">
      <Filter>Engine\Thirdparty\glm</Filter>
    </None>
    <None Include="ThirdParty\glm\ext\scalar_constants.inl">
      <Filter>Engine\Thirdparty\glm</Filter>
    </None>
    <None Include="ThirdParty\glm\ext\scalar_integer.inl">
      <Filter>Engine\Thirdparty\glm</Filter>
    </None>
    <None Include="ThirdParty\glm\ext\scalar_packing.inl">
      <Filter>Engine\Thirdparty\glm</Filter>
    </None>
    <None Include="ThirdParty\glm\ext\scalar_reciprocal.inl">
      <Filter>Engine\Thirdparty\glm</Filter>
    </None>
    <None Include="ThirdParty\glm\ext\scalar_relational.inl">
      <Filter>Engine\Thirdparty\glm</Filter>
    </None>
    <None Include="ThirdParty\glm\ext\scalar_ulp.inl">
      <Filter>Engine\Thirdparty\glm</Filter>
    </None>
    <None Include="ThirdParty\glm\ext\vector_common.inl">
      <Filter>Engine\Thirdparty\glm</Filter>
    </None>
    <None Include="ThirdParty\glm\ext\vector_integer.inl">
      <Filter>Engine\Thirdparty\glm</Filter>
    </None>
    <None Include="ThirdParty\glm\ext\vector_packing.inl">
      <Filter>Engine\Thirdparty\glm</Filter>
    </None>
    <None Include="ThirdParty\glm\ext\vector_reciprocal.inl">
      <Filter>Engine\Thirdparty\glm</Filter>
    </None>
    <None Include="ThirdParty\glm\ext\vector_relational.inl">
      <Filter>Engine\Thirdparty\glm</Filter>
    </None>
    <None Include="ThirdParty\glm\ext\vector_ulp.inl">
      <Filter>Engine\Thirdparty\glm</Filter>
    </None>
    <None Include="ThirdParty\glm\gtc\bitfield.inl">
      <Filter>Engine\Thirdparty\glm</Filter>
    </None>
    <None Include="ThirdParty\glm\gtc\color_space.inl">
      <Filter>Engine\Thirdparty\glm</Filter>
    </None>
    <None Include="ThirdParty\glm\gtc\constants.inl">
      <Filter>Engine\Thirdparty\glm</Filter>
    </None>
    <None Include="ThirdParty\glm\gtc\epsilon.inl">
      <Filter>Engine\Thirdparty\glm</Filter>
    </None>
    <None Include="ThirdParty\glm\gtc\integer.inl">
      <Filter>Engine\Thirdparty\glm</Filter>
    </None>
    <None Include="ThirdParty\glm\gtc\matrix_access.inl">
      <Filter>Engine\Thirdparty\glm</Filter>
    </None>
    <None Include="ThirdParty\glm\gtc\matrix_inverse.inl">
      <Filter>Engine\Thirdparty\glm</Filter>
    </None>
    <None Include="ThirdParty\glm\gtc\matrix_transform.inl">
      <Filter>Engine\Thirdparty\glm</Filter>
    </None>
    <None Include="ThirdParty\glm\gtc\noise.inl">
      <Filter>Engine\Thirdparty\glm</Filter>
    </None>
    <None Include="ThirdParty\glm\gtc\packing.inl">
      <Filter>Engine\Thirdparty\glm</Filter>
    </None>
    <None Include="ThirdParty\glm\gtc\quaternion.inl">
      <Filter>Engine\Thirdparty\glm</Filter>
    </None>
    <None Include="ThirdParty\glm\gtc\quaternion_simd.inl">
      <Filter>Engine\Thirdparty\glm</Filter>
    </None>
    <None Include="ThirdParty\glm\gtc\random.inl">
      <Filter>Engine\Thirdparty\glm</Filter>
    </None>
    <None Include="ThirdParty\glm\gtc\round.inl">
      <Filter>Engine\Thirdparty\glm</Filter>
    </None>
    <None Include="ThirdParty\glm\gtc\type_precision.inl">
      <Filter>Engine\Thirdparty\glm</Filter>
    </None>
    <None Include="ThirdParty\glm\gtc\type_ptr.inl">
      <Filter>Engine\Thirdparty\glm</Filter>
    </None>
    <None Include="ThirdParty\glm\gtc\ulp.inl">
      <Filter>Engine\Thirdparty\glm</Filter>
    </None>
    <None Include="ThirdParty\glm\gtx\associated_min_max.inl">
      <Filter>Engine\Thirdparty\glm</Filter>
    </None>
    <None Include="ThirdParty\glm\gtx\bit.inl">
      <Filter>Engine\Thirdparty\glm</Filter>
    </None>
    <None Include="ThirdParty\glm\gtx\closest_point.inl">
      <Filter>Engine\Thirdparty\glm</Filter>
    </None>
    <None Include="ThirdParty\glm\gtx\color_encoding.inl">
      <Filter>Engine\Thirdparty\glm</Filter>
    </None>
    <None Include="ThirdParty\glm\gtx\color_space.inl">
      <Filter>Engine\Thirdparty\glm</Filter>
    </None>
    <None Include="ThirdParty\glm\gtx\color_space_YCoCg.inl">
      <Filter>Engine\Thirdparty\glm</Filter>
    </None>
    <None Include="ThirdParty\glm\gtx\common.inl">
      <Filter>Engine\Thirdparty\glm</Filter>
    </None>
    <None Include="ThirdParty\glm\gtx\compatibility.inl">
      <Filter>Engine\Thirdparty\glm</Filter>
    </None>
    <None Include="ThirdParty\glm\gtx\component_wise.inl">
      <Filter>Engine\Thirdparty\glm</Filter>
    </None>
    <None Include="ThirdParty\glm\gtx\dual_quaternion.inl">
      <Filter>Engine\Thirdparty\glm</Filter>
    </None>
    <None Include="ThirdParty\glm\gtx\easing.inl">
      <Filter>Engine\Thirdparty\glm</Filter>
    </None>
    <None Include="ThirdParty\glm\gtx\euler_angles.inl">
      <Filter>Engine\Thirdparty\glm</Filter>
    </None>
    <None Include="ThirdParty\glm\gtx\extend.inl">
      <Filter>Engine\Thirdparty\glm</Filter>
    </None>
    <None Include="ThirdParty\glm\gtx\extended_min_max.inl">
      <Filter>Engine\Thirdparty\glm</Filter>
    </None>
    <None Include="ThirdParty\glm\gtx\exterior_product.inl">
      <Filter>Engine\Thirdparty\glm</Filter>
    </None>
    <None Include="ThirdParty\glm\gtx\fast_exponential.inl">
      <Filter>Engine\Thirdparty\glm</Filter>
    </None>
    <None Include="ThirdParty\glm\gtx\fast_square_root.inl">
      <Filter>Engine\Thirdparty\glm</Filter>
    </None>
    <None Include="ThirdParty\glm\gtx\fast_trigonometry.inl">
      <Filter>Engine\Thirdparty\glm</Filter>
    </None>
    <None Include="ThirdParty\glm\gtx\float_notmalize.inl">
      <Filter>Engine\Thirdparty\glm</Filter>
    </None>
    <None Include="ThirdParty\glm\gtx\functions.inl">
      <Filter>Engine\Thirdparty\glm</Filter>
    </None>
    <None Include="ThirdParty\glm\gtx\gradient_paint.inl">
      <Filter>Engine\Thirdparty\glm</Filter>
    </None>
    <None Include="ThirdParty\glm\gtx\handed_coordinate_space.inl">
      <Filter>Engine\Thirdparty\glm</Filter>
    </None>
    <None Include="ThirdParty\glm\gtx\hash.inl">
      <Filter>Engine\Thirdparty\glm</Filter>
    </None>
    <None Include="ThirdParty\glm\gtx\integer.inl">
      <Filter>Engine\Thirdparty\glm</Filter>
    </None>
    <None Include="ThirdParty\glm\gtx\intersect.inl">
      <Filter>Engine\Thirdparty\glm</Filter>
    </None>
    <None Include="ThirdParty\glm\gtx\io.inl">
      <Filter>Engine\Thirdparty\glm</Filter>
    </None>
    <None Include="ThirdParty\glm\gtx\log_base.inl">
      <Filter>Engine\Thirdparty\glm</Filter>
    </None>
    <None Include="ThirdParty\glm\gtx\matrix_cross_product.inl">
      <Filter>Engine\Thirdparty\glm</Filter>
    </None>
    <None Include="ThirdParty\glm\gtx\matrix_decompose.inl">
      <Filter>Engine\Thirdparty\glm</Filter>
    </None>
    <None Include="ThirdParty\glm\gtx\matrix_factorisation.inl">
      <Filter>Engine\Thirdparty\glm</Filter>
    </None>
    <None Include="ThirdParty\glm\gtx\matrix_interpolation.inl">
      <Filter>Engine\Thirdparty\glm</Filter>
    </None>
    <None Include="ThirdParty\glm\gtx\matrix_major_storage.inl">
      <Filter>Engine\Thirdparty\glm</Filter>
    </None>
    <None Include="ThirdParty\glm\gtx\matrix_operation.inl">
      <Filter>Engine\Thirdparty\glm</Filter>
    </None>
    <None Include="ThirdParty\glm\gtx\matrix_query.inl">
      <Filter>Engine\Thirdparty\glm</Filter>
    </None>
    <None Include="ThirdParty\glm\gtx\matrix_transform_2d.inl">
      <Filter>Engine\Thirdparty\glm</Filter>
    </None>
    <None Include="ThirdParty\glm\gtx\mixed_product.inl">
      <Filter>Engine\Thirdparty\glm</Filter>
    </None>
    <None Include="ThirdParty\glm\gtx\norm.inl">
      <Filter>Engine\Thirdparty\glm</Filter>
    </None>
    <None Include="ThirdParty\glm\gtx\normal.inl">
      <Filter>Engine\Thirdparty\glm</Filter>
    </None>
    <None Include="ThirdParty\glm\gtx\normalize_dot.inl">
      <Filter>Engine\Thirdparty\glm</Filter>
    </None>
    <None Include="ThirdParty\glm\gtx\number_precision.inl">
      <Filter>Engine\Thirdparty\glm</Filter>
    </None>
    <None Include="ThirdParty\glm\gtx\optimum_pow.inl">
      <Filter>Engine\Thirdparty\glm</Filter>
    </None>
    <None Include="ThirdParty\glm\gtx\orthonormalize.inl">
      <Filter>Engine\Thirdparty\glm</Filter>
    </None>
    <None Include="ThirdParty\glm\gtx\pca.inl">
      <Filter>Engine\Thirdparty\glm</Filter>
    </None>
    <None Include="ThirdParty\glm\gtx\perpendicular.inl">
      <Filter>Engine\Thirdparty\glm</Filter>
    </None>
    <None Include="ThirdParty\glm\gtx\polar_coordinates.inl">
      <Filter>Engine\Thirdparty\glm</Filter>
    </None>
    <None Include="ThirdParty\glm\gtx\projection.inl">
      <Filter>Engine\Thirdparty\glm</Filter>
    </None>
    <None Include="ThirdParty\glm\gtx\quaternion.inl">
      <Filter>Engine\Thirdparty\glm</Filter>
    </None>
    <None Include="ThirdParty\glm\gtx\raw_data.inl">
      <Filter>Engine\Thirdparty\glm</Filter>
    </None>
    <None Include="ThirdParty\glm\gtx\rotate_normalized_axis.inl">
      <Filter>Engine\Thirdparty\glm</Filter>
    </None>
    <None Include="ThirdParty\glm\gtx\rotate_vector.inl">
      <Filter>Engine\Thirdparty\glm</Filter>
    </None>
    <None Include="ThirdParty\glm\gtx\scalar_relational.inl">
      <Filter>Engine\Thirdparty\glm</Filter>
    </None>
    <None Include="ThirdParty\glm\gtx\spline.inl">
      <Filter>Engine\Thirdparty\glm</Filter>
    </None>
    <None Include="ThirdParty\glm\gtx\std_based_type.inl">
      <Filter>Engine\Thirdparty\glm</Filter>
    </None>
    <None Include="ThirdParty\glm\gtx\string_cast.inl">
      <Filter>Engine\Thirdparty\glm</Filter>
    </None>
    <None Include="ThirdParty\glm\gtx\texture.inl">
      <Filter>Engine\Thirdparty\glm</Filter>
    </None>
    <None Include="ThirdParty\glm\gtx\transform.inl">
      <Filter>Engine\Thirdparty\glm</Filter>
    </None>
    <None Include="ThirdParty\glm\gtx\transform2.inl">
      <Filter>Engine\Thirdparty\glm</Filter>
    </None>
    <None Include="ThirdParty\glm\gtx\type_aligned.inl">
      <Filter>Engine\Thirdparty\glm</Filter>
    </None>
    <None Include="ThirdParty\glm\gtx\type_trait.inl">
      <Filter>Engine\Thirdparty\glm</Filter>
    </None>
    <None Include="ThirdParty\glm\gtx\vector_angle.inl">
      <Filter>Engine\Thirdparty\glm</Filter>
    </None>
    <None Include="ThirdParty\glm\gtx\vector_query.inl">
      <Filter>Engine\Thirdparty\glm</Filter>
    </None>
    <None Include="ThirdParty\glm\gtx\wrap.inl">
      <Filter>Engine\Thirdparty\glm</Filter>
    </None>
    <None Include="ThirdParty\assimp\color4.inl" />
    <None Include="ThirdParty\assimp\material.inl" />
    <None Include="ThirdParty\assimp\matrix3x3.inl" />
    <None Include="ThirdParty\assimp\matrix4x4.inl" />
    <None Include="ThirdParty\assimp\quaternion.inl" />
    <None Include="ThirdParty\assimp\SmoothingGroups.inl" />
    <None Include="ThirdParty\assimp\vector2.inl" />
    <None Include="ThirdParty\assimp\vector3.inl" />
  </ItemGroup>
</Project>